// !$*UTF8*$!
{
	archiveVersion = 1;
	classes = {
	};
	objectVersion = 46;
	objects = {

/* Begin PBXBuildFile section */
		54008B591A49EC730049A8EA /* String+MD5.swift in Sources */ = {isa = PBXBuildFile; fileRef = 54008B581A49EC730049A8EA /* String+MD5.swift */; };
		54204A041A4E08F800DAF6C0 /* UserModel+Marshalling.swift in Sources */ = {isa = PBXBuildFile; fileRef = 54204A031A4E08F800DAF6C0 /* UserModel+Marshalling.swift */; };
		54231EB01A49DC8500F7C640 /* NSError+Convenience.swift in Sources */ = {isa = PBXBuildFile; fileRef = 54231EAF1A49DC8500F7C640 /* NSError+Convenience.swift */; };
		5427CDEB19C5F259005C9B4E /* CoreMotion.framework in Frameworks */ = {isa = PBXBuildFile; fileRef = 5427CDEA19C5F259005C9B4E /* CoreMotion.framework */; };
		54306B701A2A2AD6005D6BC9 /* NewSessionController.swift in Sources */ = {isa = PBXBuildFile; fileRef = 54306B6F1A2A2AD6005D6BC9 /* NewSessionController.swift */; };
		543B26FD1A49D18800381298 /* Accelerometer.swift in Sources */ = {isa = PBXBuildFile; fileRef = 543B26FC1A49D18800381298 /* Accelerometer.swift */; };
		543B27001A49D1A800381298 /* PebbleDevice.swift in Sources */ = {isa = PBXBuildFile; fileRef = 543B26FF1A49D1A800381298 /* PebbleDevice.swift */; };
		543B27021A49D1C400381298 /* PebbleAccelerometerRecorder.swift in Sources */ = {isa = PBXBuildFile; fileRef = 543B27011A49D1C400381298 /* PebbleAccelerometerRecorder.swift */; };
		5455B3B11A31A8FB002A8D11 /* AudioToolbox.framework in Frameworks */ = {isa = PBXBuildFile; fileRef = 5455B3B01A31A8FB002A8D11 /* AudioToolbox.framework */; };
		545E06041A304CB500AB633B /* UserModel.swift in Sources */ = {isa = PBXBuildFile; fileRef = 545E06031A304CB500AB633B /* UserModel.swift */; };
		545E06061A304CBD00AB633B /* ExerciseModel.swift in Sources */ = {isa = PBXBuildFile; fileRef = 545E06051A304CBD00AB633B /* ExerciseModel.swift */; };
		545E06081A304D3100AB633B /* LiftServerURLs.swift in Sources */ = {isa = PBXBuildFile; fileRef = 545E06071A304D3100AB633B /* LiftServerURLs.swift */; };
		545E06101A30540A00AB633B /* ExerciseIntensityKey+Color.swift in Sources */ = {isa = PBXBuildFile; fileRef = 545E060F1A30540A00AB633B /* ExerciseIntensityKey+Color.swift */; };
		54618F7E1A5744710017CA2D /* ResultContext.swift in Sources */ = {isa = PBXBuildFile; fileRef = 54618F7D1A5744710017CA2D /* ResultContext.swift */; };
		546336381A338A1600004FAA /* MuscleGroupView.swift in Sources */ = {isa = PBXBuildFile; fileRef = 546336371A338A1600004FAA /* MuscleGroupView.swift */; };
		54680BA31A332DE0004FC897 /* LiftServerCache.swift in Sources */ = {isa = PBXBuildFile; fileRef = 54680BA21A332DE0004FC897 /* LiftServerCache.swift */; };
		5475FA301A31E9D200877655 /* Settings.bundle in Resources */ = {isa = PBXBuildFile; fileRef = 5475FA2F1A31E9D200877655 /* Settings.bundle */; };
		547D51541A3061800055EB35 /* ExerciseModel+Marshalling.swift in Sources */ = {isa = PBXBuildFile; fileRef = 547D51531A3061800055EB35 /* ExerciseModel+Marshalling.swift */; };
		547F64781A2E4EDB00F887EE /* CurrentLiftUser.swift in Sources */ = {isa = PBXBuildFile; fileRef = 547F64771A2E4EDB00F887EE /* CurrentLiftUser.swift */; };
		547F647A1A2E4FB400F887EE /* PublicProfileController.swift in Sources */ = {isa = PBXBuildFile; fileRef = 547F64791A2E4FB400F887EE /* PublicProfileController.swift */; };
		5482963C1A4D792D00EDCAF0 /* AndroidWearDevice.swift in Sources */ = {isa = PBXBuildFile; fileRef = 548296371A4D792D00EDCAF0 /* AndroidWearDevice.swift */; };
		5482963D1A4D792D00EDCAF0 /* AppleWatchDevice.swift in Sources */ = {isa = PBXBuildFile; fileRef = 548296391A4D792D00EDCAF0 /* AppleWatchDevice.swift */; };
		548296401A4D7F3A00EDCAF0 /* Devices.swift in Sources */ = {isa = PBXBuildFile; fileRef = 5482963F1A4D7F3A00EDCAF0 /* Devices.swift */; };
		54849C6D1A531DA8007CDCC2 /* UIImage+Effects.swift in Sources */ = {isa = PBXBuildFile; fileRef = 54849C6C1A531DA8007CDCC2 /* UIImage+Effects.swift */; };
		54A53EC41A2EF5EC00EDD092 /* Localizable.strings in Resources */ = {isa = PBXBuildFile; fileRef = 54A53EC21A2EF5EC00EDD092 /* Localizable.strings */; };
		54B29B1F1A2C801B00098D2A /* Alamofire+SwiftyJSON.swift in Sources */ = {isa = PBXBuildFile; fileRef = 54B29B1C1A2C801B00098D2A /* Alamofire+SwiftyJSON.swift */; };
		54B29B201A2C801B00098D2A /* SwiftyJSON.swift in Sources */ = {isa = PBXBuildFile; fileRef = 54B29B1E1A2C801B00098D2A /* SwiftyJSON.swift */; };
		54C37B7F1A4BFD7E0036C0C8 /* DeviceTableViewCell.swift in Sources */ = {isa = PBXBuildFile; fileRef = 54C37B7E1A4BFD7E0036C0C8 /* DeviceTableViewCell.swift */; };
		54C37B811A4C0A9A0036C0C8 /* DeviceTableViewCell.xib in Resources */ = {isa = PBXBuildFile; fileRef = 54C37B801A4C0A9A0036C0C8 /* DeviceTableViewCell.xib */; };
		54C37B831A4C0BD80036C0C8 /* UITableView+CustomCells.swift in Sources */ = {isa = PBXBuildFile; fileRef = 54C37B821A4C0BD80036C0C8 /* UITableView+CustomCells.swift */; };
		54C37B851A4C116C0036C0C8 /* PropertyTableViewCell.swift in Sources */ = {isa = PBXBuildFile; fileRef = 54C37B841A4C116C0036C0C8 /* PropertyTableViewCell.swift */; };
		54C37B871A4C1D890036C0C8 /* PropertyTableViewCell.xib in Resources */ = {isa = PBXBuildFile; fileRef = 54C37B861A4C1D890036C0C8 /* PropertyTableViewCell.xib */; };
		54C6EFD91A2F5E650044BDAB /* Box.swift in Sources */ = {isa = PBXBuildFile; fileRef = 54C6EFD41A2F5E650044BDAB /* Box.swift */; };
		54C6EFDA1A2F5E650044BDAB /* Either.swift in Sources */ = {isa = PBXBuildFile; fileRef = 54C6EFD51A2F5E650044BDAB /* Either.swift */; };
		54C6EFDB1A2F5E650044BDAB /* Operators.swift in Sources */ = {isa = PBXBuildFile; fileRef = 54C6EFD61A2F5E650044BDAB /* Operators.swift */; };
		54C6EFDC1A2F5E650044BDAB /* Predef.swift in Sources */ = {isa = PBXBuildFile; fileRef = 54C6EFD71A2F5E650044BDAB /* Predef.swift */; };
		54C6EFDD1A2F5E650044BDAB /* Result.swift in Sources */ = {isa = PBXBuildFile; fileRef = 54C6EFD81A2F5E650044BDAB /* Result.swift */; };
		54C6EFE41A2F899A0044BDAB /* HomeController.swift in Sources */ = {isa = PBXBuildFile; fileRef = 54C6EFE31A2F899A0044BDAB /* HomeController.swift */; };
		54C6EFEA1A2F8FF00044BDAB /* SessionDetailController.swift in Sources */ = {isa = PBXBuildFile; fileRef = 54C6EFE91A2F8FF00044BDAB /* SessionDetailController.swift */; };
		54CB508D1A5835A600CB40F9 /* UIView+Rounded.swift in Sources */ = {isa = PBXBuildFile; fileRef = 54CB508C1A5835A600CB40F9 /* UIView+Rounded.swift */; };
		54CC699D19C4AD8E00B29EC8 /* AppDelegate.swift in Sources */ = {isa = PBXBuildFile; fileRef = 54CC699C19C4AD8E00B29EC8 /* AppDelegate.swift */; };
		54CC699F19C4AD8E00B29EC8 /* LiveSessionController.swift in Sources */ = {isa = PBXBuildFile; fileRef = 54CC699E19C4AD8E00B29EC8 /* LiveSessionController.swift */; };
		54CC69A219C4AD8E00B29EC8 /* Main.storyboard in Resources */ = {isa = PBXBuildFile; fileRef = 54CC69A019C4AD8E00B29EC8 /* Main.storyboard */; };
		54CC69A419C4AD8E00B29EC8 /* Images.xcassets in Resources */ = {isa = PBXBuildFile; fileRef = 54CC69A319C4AD8E00B29EC8 /* Images.xcassets */; };
		54CC69B319C4AD8E00B29EC8 /* LiftTests.swift in Sources */ = {isa = PBXBuildFile; fileRef = 54CC69B219C4AD8E00B29EC8 /* LiftTests.swift */; };
		54CC69BD19C4AE0E00B29EC8 /* CoreBluetooth.framework in Frameworks */ = {isa = PBXBuildFile; fileRef = 54CC69BC19C4AE0E00B29EC8 /* CoreBluetooth.framework */; };
		54D320811A276747002527C8 /* Alamofire.swift in Sources */ = {isa = PBXBuildFile; fileRef = 54D320801A276747002527C8 /* Alamofire.swift */; };
		54D8DD2A1A2E58660005E2ED /* DemoSessionController.swift in Sources */ = {isa = PBXBuildFile; fileRef = 54D8DD291A2E58660005E2ED /* DemoSessionController.swift */; };
		54D8DD2C1A2E59FA0005E2ED /* ExerciseSession.swift in Sources */ = {isa = PBXBuildFile; fileRef = 54D8DD2B1A2E59FA0005E2ED /* ExerciseSession.swift */; };
		54DB071B1A49E65400DC1E91 /* Device.swift in Sources */ = {isa = PBXBuildFile; fileRef = 54DB071A1A49E65400DC1E91 /* Device.swift */; };
		54DB7DC71A4A01290075A420 /* String+Localisation.swift in Sources */ = {isa = PBXBuildFile; fileRef = 54DB7DC61A4A01290075A420 /* String+Localisation.swift */; };
		54DC83951A40ACEA006DD311 /* InterfaceController.swift in Sources */ = {isa = PBXBuildFile; fileRef = 54DC83941A40ACEA006DD311 /* InterfaceController.swift */; };
		54DC83971A40ACEA006DD311 /* NotificationController.swift in Sources */ = {isa = PBXBuildFile; fileRef = 54DC83961A40ACEA006DD311 /* NotificationController.swift */; };
		54DC83991A40ACEA006DD311 /* GlanceController.swift in Sources */ = {isa = PBXBuildFile; fileRef = 54DC83981A40ACEA006DD311 /* GlanceController.swift */; };
		54DC839B1A40ACEA006DD311 /* Images.xcassets in Resources */ = {isa = PBXBuildFile; fileRef = 54DC839A1A40ACEA006DD311 /* Images.xcassets */; };
		54DC839F1A40ACEA006DD311 /* Lift WatchKit App.app in Resources */ = {isa = PBXBuildFile; fileRef = 54DC839E1A40ACEA006DD311 /* Lift WatchKit App.app */; };
		54DC83A61A40ACEA006DD311 /* Interface.storyboard in Resources */ = {isa = PBXBuildFile; fileRef = 54DC83A51A40ACEA006DD311 /* Interface.storyboard */; };
		54DC83A81A40ACEA006DD311 /* Images.xcassets in Resources */ = {isa = PBXBuildFile; fileRef = 54DC83A71A40ACEA006DD311 /* Images.xcassets */; };
		54DC83AB1A40ACEA006DD311 /* Lift WatchKit Extension.appex in Embed App Extensions */ = {isa = PBXBuildFile; fileRef = 54DC838F1A40ACEA006DD311 /* Lift WatchKit Extension.appex */; settings = {ATTRIBUTES = (RemoveHeadersOnCopy, ); }; };
		54DC83B41A40AF82006DD311 /* NotificationModel.swift in Sources */ = {isa = PBXBuildFile; fileRef = 54DC83B31A40AF82006DD311 /* NotificationModel.swift */; };
		54DC83B51A40AF82006DD311 /* NotificationModel.swift in Sources */ = {isa = PBXBuildFile; fileRef = 54DC83B31A40AF82006DD311 /* NotificationModel.swift */; };
		54DC83B61A40B13B006DD311 /* ExerciseModel.swift in Sources */ = {isa = PBXBuildFile; fileRef = 545E06051A304CBD00AB633B /* ExerciseModel.swift */; };
		54E5B1531A4B03E600BC71C0 /* LiftUserDefaults.swift in Sources */ = {isa = PBXBuildFile; fileRef = 54E5B1521A4B03E600BC71C0 /* LiftUserDefaults.swift */; };
		54E5B1551A4B0A4600BC71C0 /* DeviceSessionStatsKey+Localisation.swift in Sources */ = {isa = PBXBuildFile; fileRef = 54E5B1541A4B0A4600BC71C0 /* DeviceSessionStatsKey+Localisation.swift */; };
		54F0C0041A602B9A00D1A9C8 /* HealthKit.framework in Frameworks */ = {isa = PBXBuildFile; fileRef = 54F0C0031A602B9A00D1A9C8 /* HealthKit.framework */; };
		54F0C0061A60349300D1A9C8 /* RemoteNotificationDelegate.swift in Sources */ = {isa = PBXBuildFile; fileRef = 54F0C0051A60349300D1A9C8 /* RemoteNotificationDelegate.swift */; };
		54F780B61A276E8700E4F3C5 /* AccountViewController.swift in Sources */ = {isa = PBXBuildFile; fileRef = 54F780B51A276E8700E4F3C5 /* AccountViewController.swift */; };
		54F780B91A278EFC00E4F3C5 /* LiftServer.swift in Sources */ = {isa = PBXBuildFile; fileRef = 54F780B81A278EFC00E4F3C5 /* LiftServer.swift */; };
		54FBCD1F1A5BF0FA00E2CB2C /* arms-bicep-curl.dat in Resources */ = {isa = PBXBuildFile; fileRef = 54FBCD1E1A5BF0FA00E2CB2C /* arms-bicep-curl.dat */; };
		83596E4AB21AF7BB754F28CE /* libPods.a in Frameworks */ = {isa = PBXBuildFile; fileRef = 604C4FB0BC879EB56AD28A81 /* libPods.a */; };
/* End PBXBuildFile section */

/* Begin PBXContainerItemProxy section */
		54CC69AD19C4AD8E00B29EC8 /* PBXContainerItemProxy */ = {
			isa = PBXContainerItemProxy;
			containerPortal = 54CC698F19C4AD8E00B29EC8 /* Project object */;
			proxyType = 1;
			remoteGlobalIDString = 54CC699619C4AD8E00B29EC8;
			remoteInfo = Lift;
		};
		54DC83A01A40ACEA006DD311 /* PBXContainerItemProxy */ = {
			isa = PBXContainerItemProxy;
			containerPortal = 54CC698F19C4AD8E00B29EC8 /* Project object */;
			proxyType = 1;
			remoteGlobalIDString = 54DC839D1A40ACEA006DD311;
			remoteInfo = "Lift WatchKit App";
		};
		54DC83A91A40ACEA006DD311 /* PBXContainerItemProxy */ = {
			isa = PBXContainerItemProxy;
			containerPortal = 54CC698F19C4AD8E00B29EC8 /* Project object */;
			proxyType = 1;
			remoteGlobalIDString = 54DC838E1A40ACEA006DD311;
			remoteInfo = "Lift WatchKit Extension";
		};
/* End PBXContainerItemProxy section */

/* Begin PBXCopyFilesBuildPhase section */
		54960F2C1A20C03F00E980AB /* Embed App Extensions */ = {
			isa = PBXCopyFilesBuildPhase;
			buildActionMask = 2147483647;
			dstPath = "";
			dstSubfolderSpec = 13;
			files = (
				54DC83AB1A40ACEA006DD311 /* Lift WatchKit Extension.appex in Embed App Extensions */,
			);
			name = "Embed App Extensions";
			runOnlyForDeploymentPostprocessing = 0;
		};
/* End PBXCopyFilesBuildPhase section */

/* Begin PBXFileReference section */
		0293CE44C9B33D93ACF27719 /* Pods.debug.xcconfig */ = {isa = PBXFileReference; includeInIndex = 1; lastKnownFileType = text.xcconfig; name = Pods.debug.xcconfig; path = "Pods/Target Support Files/Pods/Pods.debug.xcconfig"; sourceTree = "<group>"; };
		54008B581A49EC730049A8EA /* String+MD5.swift */ = {isa = PBXFileReference; fileEncoding = 4; lastKnownFileType = sourcecode.swift; path = "String+MD5.swift"; sourceTree = "<group>"; };
		54204A031A4E08F800DAF6C0 /* UserModel+Marshalling.swift */ = {isa = PBXFileReference; fileEncoding = 4; lastKnownFileType = sourcecode.swift; path = "UserModel+Marshalling.swift"; sourceTree = "<group>"; };
		54231EAF1A49DC8500F7C640 /* NSError+Convenience.swift */ = {isa = PBXFileReference; fileEncoding = 4; lastKnownFileType = sourcecode.swift; path = "NSError+Convenience.swift"; sourceTree = "<group>"; };
		5427CDE819C5F203005C9B4E /* Accelerate.framework */ = {isa = PBXFileReference; lastKnownFileType = wrapper.framework; name = Accelerate.framework; path = System/Library/Frameworks/Accelerate.framework; sourceTree = SDKROOT; };
		5427CDEA19C5F259005C9B4E /* CoreMotion.framework */ = {isa = PBXFileReference; lastKnownFileType = wrapper.framework; name = CoreMotion.framework; path = System/Library/Frameworks/CoreMotion.framework; sourceTree = SDKROOT; };
		5427CDEE19C60530005C9B4E /* Lift.entitlements */ = {isa = PBXFileReference; lastKnownFileType = text.xml; path = Lift.entitlements; sourceTree = "<group>"; };
		54306B6F1A2A2AD6005D6BC9 /* NewSessionController.swift */ = {isa = PBXFileReference; fileEncoding = 4; lastKnownFileType = sourcecode.swift; path = NewSessionController.swift; sourceTree = "<group>"; };
		543B26FC1A49D18800381298 /* Accelerometer.swift */ = {isa = PBXFileReference; fileEncoding = 4; lastKnownFileType = sourcecode.swift; path = Accelerometer.swift; sourceTree = "<group>"; };
		543B26FF1A49D1A800381298 /* PebbleDevice.swift */ = {isa = PBXFileReference; fileEncoding = 4; lastKnownFileType = sourcecode.swift; path = PebbleDevice.swift; sourceTree = "<group>"; };
		543B27011A49D1C400381298 /* PebbleAccelerometerRecorder.swift */ = {isa = PBXFileReference; fileEncoding = 4; lastKnownFileType = sourcecode.swift; path = PebbleAccelerometerRecorder.swift; sourceTree = "<group>"; };
		5455B3B01A31A8FB002A8D11 /* AudioToolbox.framework */ = {isa = PBXFileReference; lastKnownFileType = wrapper.framework; name = AudioToolbox.framework; path = System/Library/Frameworks/AudioToolbox.framework; sourceTree = SDKROOT; };
		545E06031A304CB500AB633B /* UserModel.swift */ = {isa = PBXFileReference; fileEncoding = 4; lastKnownFileType = sourcecode.swift; path = UserModel.swift; sourceTree = "<group>"; };
		545E06051A304CBD00AB633B /* ExerciseModel.swift */ = {isa = PBXFileReference; fileEncoding = 4; lastKnownFileType = sourcecode.swift; path = ExerciseModel.swift; sourceTree = "<group>"; };
		545E06071A304D3100AB633B /* LiftServerURLs.swift */ = {isa = PBXFileReference; fileEncoding = 4; lastKnownFileType = sourcecode.swift; path = LiftServerURLs.swift; sourceTree = "<group>"; };
		545E060F1A30540A00AB633B /* ExerciseIntensityKey+Color.swift */ = {isa = PBXFileReference; fileEncoding = 4; lastKnownFileType = sourcecode.swift; path = "ExerciseIntensityKey+Color.swift"; sourceTree = "<group>"; };
		54618F7D1A5744710017CA2D /* ResultContext.swift */ = {isa = PBXFileReference; fileEncoding = 4; lastKnownFileType = sourcecode.swift; path = ResultContext.swift; sourceTree = "<group>"; };
		546336371A338A1600004FAA /* MuscleGroupView.swift */ = {isa = PBXFileReference; fileEncoding = 4; lastKnownFileType = sourcecode.swift; path = MuscleGroupView.swift; sourceTree = "<group>"; };
		54680BA21A332DE0004FC897 /* LiftServerCache.swift */ = {isa = PBXFileReference; fileEncoding = 4; lastKnownFileType = sourcecode.swift; path = LiftServerCache.swift; sourceTree = "<group>"; };
		5475FA2F1A31E9D200877655 /* Settings.bundle */ = {isa = PBXFileReference; lastKnownFileType = "wrapper.plug-in"; path = Settings.bundle; sourceTree = "<group>"; };
		547D51531A3061800055EB35 /* ExerciseModel+Marshalling.swift */ = {isa = PBXFileReference; fileEncoding = 4; lastKnownFileType = sourcecode.swift; path = "ExerciseModel+Marshalling.swift"; sourceTree = "<group>"; };
		547F64771A2E4EDB00F887EE /* CurrentLiftUser.swift */ = {isa = PBXFileReference; fileEncoding = 4; lastKnownFileType = sourcecode.swift; path = CurrentLiftUser.swift; sourceTree = "<group>"; };
		547F64791A2E4FB400F887EE /* PublicProfileController.swift */ = {isa = PBXFileReference; fileEncoding = 4; lastKnownFileType = sourcecode.swift; path = PublicProfileController.swift; sourceTree = "<group>"; };
		548296371A4D792D00EDCAF0 /* AndroidWearDevice.swift */ = {isa = PBXFileReference; fileEncoding = 4; lastKnownFileType = sourcecode.swift; path = AndroidWearDevice.swift; sourceTree = "<group>"; };
		548296391A4D792D00EDCAF0 /* AppleWatchDevice.swift */ = {isa = PBXFileReference; fileEncoding = 4; lastKnownFileType = sourcecode.swift; path = AppleWatchDevice.swift; sourceTree = "<group>"; };
		5482963F1A4D7F3A00EDCAF0 /* Devices.swift */ = {isa = PBXFileReference; fileEncoding = 4; lastKnownFileType = sourcecode.swift; path = Devices.swift; sourceTree = "<group>"; };
		54849C6C1A531DA8007CDCC2 /* UIImage+Effects.swift */ = {isa = PBXFileReference; fileEncoding = 4; lastKnownFileType = sourcecode.swift; path = "UIImage+Effects.swift"; sourceTree = "<group>"; };
		54960F081A20C03E00E980AB /* WatchKit.framework */ = {isa = PBXFileReference; lastKnownFileType = wrapper.framework; name = WatchKit.framework; path = System/Library/Frameworks/WatchKit.framework; sourceTree = SDKROOT; };
		54A53EC31A2EF5EC00EDD092 /* Base */ = {isa = PBXFileReference; lastKnownFileType = text.plist.strings; name = Base; path = Base.lproj/Localizable.strings; sourceTree = "<group>"; };
		54B29B1B1A2C801B00098D2A /* Alamofire+SwiftyJSON.h */ = {isa = PBXFileReference; fileEncoding = 4; lastKnownFileType = sourcecode.c.h; path = "Alamofire+SwiftyJSON.h"; sourceTree = "<group>"; };
		54B29B1C1A2C801B00098D2A /* Alamofire+SwiftyJSON.swift */ = {isa = PBXFileReference; fileEncoding = 4; lastKnownFileType = sourcecode.swift; path = "Alamofire+SwiftyJSON.swift"; sourceTree = "<group>"; };
		54B29B1D1A2C801B00098D2A /* SwiftyJSON.h */ = {isa = PBXFileReference; fileEncoding = 4; lastKnownFileType = sourcecode.c.h; path = SwiftyJSON.h; sourceTree = "<group>"; };
		54B29B1E1A2C801B00098D2A /* SwiftyJSON.swift */ = {isa = PBXFileReference; fileEncoding = 4; lastKnownFileType = sourcecode.swift; path = SwiftyJSON.swift; sourceTree = "<group>"; };
		54C37B7E1A4BFD7E0036C0C8 /* DeviceTableViewCell.swift */ = {isa = PBXFileReference; fileEncoding = 4; lastKnownFileType = sourcecode.swift; path = DeviceTableViewCell.swift; sourceTree = "<group>"; };
		54C37B801A4C0A9A0036C0C8 /* DeviceTableViewCell.xib */ = {isa = PBXFileReference; fileEncoding = 4; lastKnownFileType = file.xib; path = DeviceTableViewCell.xib; sourceTree = "<group>"; };
		54C37B821A4C0BD80036C0C8 /* UITableView+CustomCells.swift */ = {isa = PBXFileReference; fileEncoding = 4; lastKnownFileType = sourcecode.swift; path = "UITableView+CustomCells.swift"; sourceTree = "<group>"; };
		54C37B841A4C116C0036C0C8 /* PropertyTableViewCell.swift */ = {isa = PBXFileReference; fileEncoding = 4; lastKnownFileType = sourcecode.swift; path = PropertyTableViewCell.swift; sourceTree = "<group>"; };
		54C37B861A4C1D890036C0C8 /* PropertyTableViewCell.xib */ = {isa = PBXFileReference; fileEncoding = 4; lastKnownFileType = file.xib; path = PropertyTableViewCell.xib; sourceTree = "<group>"; };
		54C6EFD41A2F5E650044BDAB /* Box.swift */ = {isa = PBXFileReference; fileEncoding = 4; lastKnownFileType = sourcecode.swift; path = Box.swift; sourceTree = "<group>"; };
		54C6EFD51A2F5E650044BDAB /* Either.swift */ = {isa = PBXFileReference; fileEncoding = 4; lastKnownFileType = sourcecode.swift; path = Either.swift; sourceTree = "<group>"; };
		54C6EFD61A2F5E650044BDAB /* Operators.swift */ = {isa = PBXFileReference; fileEncoding = 4; lastKnownFileType = sourcecode.swift; path = Operators.swift; sourceTree = "<group>"; };
		54C6EFD71A2F5E650044BDAB /* Predef.swift */ = {isa = PBXFileReference; fileEncoding = 4; lastKnownFileType = sourcecode.swift; path = Predef.swift; sourceTree = "<group>"; };
		54C6EFD81A2F5E650044BDAB /* Result.swift */ = {isa = PBXFileReference; fileEncoding = 4; lastKnownFileType = sourcecode.swift; path = Result.swift; sourceTree = "<group>"; };
		54C6EFE31A2F899A0044BDAB /* HomeController.swift */ = {isa = PBXFileReference; fileEncoding = 4; lastKnownFileType = sourcecode.swift; path = HomeController.swift; sourceTree = "<group>"; };
		54C6EFE91A2F8FF00044BDAB /* SessionDetailController.swift */ = {isa = PBXFileReference; fileEncoding = 4; lastKnownFileType = sourcecode.swift; path = SessionDetailController.swift; sourceTree = "<group>"; };
		54CB508C1A5835A600CB40F9 /* UIView+Rounded.swift */ = {isa = PBXFileReference; fileEncoding = 4; lastKnownFileType = sourcecode.swift; path = "UIView+Rounded.swift"; sourceTree = "<group>"; };
		54CC55EB19EED8B900F705F7 /* Lift-Bridging-Header.h */ = {isa = PBXFileReference; lastKnownFileType = sourcecode.c.h; path = "Lift-Bridging-Header.h"; sourceTree = "<group>"; };
		54CC699719C4AD8E00B29EC8 /* Lift.app */ = {isa = PBXFileReference; explicitFileType = wrapper.application; includeInIndex = 0; path = Lift.app; sourceTree = BUILT_PRODUCTS_DIR; };
		54CC699B19C4AD8E00B29EC8 /* Info.plist */ = {isa = PBXFileReference; lastKnownFileType = text.plist.xml; path = Info.plist; sourceTree = "<group>"; };
		54CC699C19C4AD8E00B29EC8 /* AppDelegate.swift */ = {isa = PBXFileReference; lastKnownFileType = sourcecode.swift; path = AppDelegate.swift; sourceTree = "<group>"; };
		54CC699E19C4AD8E00B29EC8 /* LiveSessionController.swift */ = {isa = PBXFileReference; lastKnownFileType = sourcecode.swift; path = LiveSessionController.swift; sourceTree = "<group>"; };
		54CC69A119C4AD8E00B29EC8 /* Base */ = {isa = PBXFileReference; lastKnownFileType = file.storyboard; name = Base; path = Base.lproj/Main.storyboard; sourceTree = "<group>"; };
		54CC69A319C4AD8E00B29EC8 /* Images.xcassets */ = {isa = PBXFileReference; lastKnownFileType = folder.assetcatalog; path = Images.xcassets; sourceTree = "<group>"; };
		54CC69AC19C4AD8E00B29EC8 /* LiftTests.xctest */ = {isa = PBXFileReference; explicitFileType = wrapper.cfbundle; includeInIndex = 0; path = LiftTests.xctest; sourceTree = BUILT_PRODUCTS_DIR; };
		54CC69B119C4AD8E00B29EC8 /* Info.plist */ = {isa = PBXFileReference; lastKnownFileType = text.plist.xml; path = Info.plist; sourceTree = "<group>"; };
		54CC69B219C4AD8E00B29EC8 /* LiftTests.swift */ = {isa = PBXFileReference; lastKnownFileType = sourcecode.swift; path = LiftTests.swift; sourceTree = "<group>"; };
		54CC69BC19C4AE0E00B29EC8 /* CoreBluetooth.framework */ = {isa = PBXFileReference; lastKnownFileType = wrapper.framework; name = CoreBluetooth.framework; path = System/Library/Frameworks/CoreBluetooth.framework; sourceTree = SDKROOT; };
		54D3207F1A276747002527C8 /* Alamofire.h */ = {isa = PBXFileReference; fileEncoding = 4; lastKnownFileType = sourcecode.c.h; path = Alamofire.h; sourceTree = "<group>"; };
		54D320801A276747002527C8 /* Alamofire.swift */ = {isa = PBXFileReference; fileEncoding = 4; lastKnownFileType = sourcecode.swift; path = Alamofire.swift; sourceTree = "<group>"; };
		54D8DD291A2E58660005E2ED /* DemoSessionController.swift */ = {isa = PBXFileReference; fileEncoding = 4; lastKnownFileType = sourcecode.swift; path = DemoSessionController.swift; sourceTree = "<group>"; };
		54D8DD2B1A2E59FA0005E2ED /* ExerciseSession.swift */ = {isa = PBXFileReference; fileEncoding = 4; lastKnownFileType = sourcecode.swift; path = ExerciseSession.swift; sourceTree = "<group>"; };
		54DB071A1A49E65400DC1E91 /* Device.swift */ = {isa = PBXFileReference; fileEncoding = 4; lastKnownFileType = sourcecode.swift; path = Device.swift; sourceTree = "<group>"; };
		54DB7DC61A4A01290075A420 /* String+Localisation.swift */ = {isa = PBXFileReference; fileEncoding = 4; lastKnownFileType = sourcecode.swift; path = "String+Localisation.swift"; sourceTree = "<group>"; };
		54DC838F1A40ACEA006DD311 /* Lift WatchKit Extension.appex */ = {isa = PBXFileReference; explicitFileType = "wrapper.app-extension"; includeInIndex = 0; path = "Lift WatchKit Extension.appex"; sourceTree = BUILT_PRODUCTS_DIR; };
		54DC83921A40ACEA006DD311 /* Info.plist */ = {isa = PBXFileReference; lastKnownFileType = text.plist.xml; path = Info.plist; sourceTree = "<group>"; };
		54DC83931A40ACEA006DD311 /* PushNotificationPayload.apns */ = {isa = PBXFileReference; lastKnownFileType = text; path = PushNotificationPayload.apns; sourceTree = "<group>"; };
		54DC83941A40ACEA006DD311 /* InterfaceController.swift */ = {isa = PBXFileReference; lastKnownFileType = sourcecode.swift; path = InterfaceController.swift; sourceTree = "<group>"; };
		54DC83961A40ACEA006DD311 /* NotificationController.swift */ = {isa = PBXFileReference; lastKnownFileType = sourcecode.swift; path = NotificationController.swift; sourceTree = "<group>"; };
		54DC83981A40ACEA006DD311 /* GlanceController.swift */ = {isa = PBXFileReference; lastKnownFileType = sourcecode.swift; path = GlanceController.swift; sourceTree = "<group>"; };
		54DC839A1A40ACEA006DD311 /* Images.xcassets */ = {isa = PBXFileReference; lastKnownFileType = folder.assetcatalog; path = Images.xcassets; sourceTree = "<group>"; };
		54DC839E1A40ACEA006DD311 /* Lift WatchKit App.app */ = {isa = PBXFileReference; explicitFileType = wrapper.application; includeInIndex = 0; path = "Lift WatchKit App.app"; sourceTree = BUILT_PRODUCTS_DIR; };
		54DC83A41A40ACEA006DD311 /* Info.plist */ = {isa = PBXFileReference; lastKnownFileType = text.plist.xml; path = Info.plist; sourceTree = "<group>"; };
		54DC83A51A40ACEA006DD311 /* Interface.storyboard */ = {isa = PBXFileReference; lastKnownFileType = file.storyboard; path = Interface.storyboard; sourceTree = "<group>"; };
		54DC83A71A40ACEA006DD311 /* Images.xcassets */ = {isa = PBXFileReference; lastKnownFileType = folder.assetcatalog; path = Images.xcassets; sourceTree = "<group>"; };
		54DC83B31A40AF82006DD311 /* NotificationModel.swift */ = {isa = PBXFileReference; fileEncoding = 4; lastKnownFileType = sourcecode.swift; path = NotificationModel.swift; sourceTree = "<group>"; };
		54E5B1521A4B03E600BC71C0 /* LiftUserDefaults.swift */ = {isa = PBXFileReference; fileEncoding = 4; lastKnownFileType = sourcecode.swift; path = LiftUserDefaults.swift; sourceTree = "<group>"; };
		54E5B1541A4B0A4600BC71C0 /* DeviceSessionStatsKey+Localisation.swift */ = {isa = PBXFileReference; fileEncoding = 4; lastKnownFileType = sourcecode.swift; path = "DeviceSessionStatsKey+Localisation.swift"; sourceTree = "<group>"; };
		54F0C0031A602B9A00D1A9C8 /* HealthKit.framework */ = {isa = PBXFileReference; lastKnownFileType = wrapper.framework; name = HealthKit.framework; path = System/Library/Frameworks/HealthKit.framework; sourceTree = SDKROOT; };
		54F0C0051A60349300D1A9C8 /* RemoteNotificationDelegate.swift */ = {isa = PBXFileReference; fileEncoding = 4; lastKnownFileType = sourcecode.swift; path = RemoteNotificationDelegate.swift; sourceTree = "<group>"; };
		54F780B51A276E8700E4F3C5 /* AccountViewController.swift */ = {isa = PBXFileReference; fileEncoding = 4; lastKnownFileType = sourcecode.swift; path = AccountViewController.swift; sourceTree = "<group>"; };
		54F780B81A278EFC00E4F3C5 /* LiftServer.swift */ = {isa = PBXFileReference; fileEncoding = 4; lastKnownFileType = sourcecode.swift; path = LiftServer.swift; sourceTree = "<group>"; };
		54FBCD1E1A5BF0FA00E2CB2C /* arms-bicep-curl.dat */ = {isa = PBXFileReference; lastKnownFileType = file; path = "arms-bicep-curl.dat"; sourceTree = "<group>"; };
		5D984E2C657088D05D0AE494 /* Pods.release.xcconfig */ = {isa = PBXFileReference; includeInIndex = 1; lastKnownFileType = text.xcconfig; name = Pods.release.xcconfig; path = "Pods/Target Support Files/Pods/Pods.release.xcconfig"; sourceTree = "<group>"; };
		604C4FB0BC879EB56AD28A81 /* libPods.a */ = {isa = PBXFileReference; explicitFileType = archive.ar; includeInIndex = 0; path = libPods.a; sourceTree = BUILT_PRODUCTS_DIR; };
/* End PBXFileReference section */

/* Begin PBXFrameworksBuildPhase section */
		54CC699419C4AD8E00B29EC8 /* Frameworks */ = {
			isa = PBXFrameworksBuildPhase;
			buildActionMask = 2147483647;
			files = (
				5455B3B11A31A8FB002A8D11 /* AudioToolbox.framework in Frameworks */,
				5427CDEB19C5F259005C9B4E /* CoreMotion.framework in Frameworks */,
				54CC69BD19C4AE0E00B29EC8 /* CoreBluetooth.framework in Frameworks */,
				83596E4AB21AF7BB754F28CE /* libPods.a in Frameworks */,
				54F0C0041A602B9A00D1A9C8 /* HealthKit.framework in Frameworks */,
			);
			runOnlyForDeploymentPostprocessing = 0;
		};
		54CC69A919C4AD8E00B29EC8 /* Frameworks */ = {
			isa = PBXFrameworksBuildPhase;
			buildActionMask = 2147483647;
			files = (
			);
			runOnlyForDeploymentPostprocessing = 0;
		};
		54DC838C1A40ACEA006DD311 /* Frameworks */ = {
			isa = PBXFrameworksBuildPhase;
			buildActionMask = 2147483647;
			files = (
			);
			runOnlyForDeploymentPostprocessing = 0;
		};
/* End PBXFrameworksBuildPhase section */

/* Begin PBXGroup section */
		2B79CAD9FA3A249396AFBB5A /* Pods */ = {
			isa = PBXGroup;
			children = (
				0293CE44C9B33D93ACF27719 /* Pods.debug.xcconfig */,
				5D984E2C657088D05D0AE494 /* Pods.release.xcconfig */,
			);
			name = Pods;
			sourceTree = "<group>";
		};
		540894451A2F4E18009FDD10 /* AccelerometerData */ = {
			isa = PBXGroup;
			children = (
				54FBCD1E1A5BF0FA00E2CB2C /* arms-bicep-curl.dat */,
			);
			path = AccelerometerData;
			sourceTree = "<group>";
		};
		543B26FB1A49D18800381298 /* Device */ = {
			isa = PBXGroup;
			children = (
				548296361A4D792D00EDCAF0 /* AndroidWear */,
				548296381A4D792D00EDCAF0 /* AppleWatch */,
				543B26FE1A49D1A800381298 /* Pebble */,
				543B26FC1A49D18800381298 /* Accelerometer.swift */,
				54DB071A1A49E65400DC1E91 /* Device.swift */,
				5482963F1A4D7F3A00EDCAF0 /* Devices.swift */,
			);
			path = Device;
			sourceTree = "<group>";
		};
		543B26FE1A49D1A800381298 /* Pebble */ = {
			isa = PBXGroup;
			children = (
				543B26FF1A49D1A800381298 /* PebbleDevice.swift */,
				543B27011A49D1C400381298 /* PebbleAccelerometerRecorder.swift */,
			);
			path = Pebble;
			sourceTree = "<group>";
		};
		546BEDEA1A505BD10053F923 /* UICollectionView */ = {
			isa = PBXGroup;
			children = (
			);
			path = UICollectionView;
			sourceTree = "<group>";
		};
		548296361A4D792D00EDCAF0 /* AndroidWear */ = {
			isa = PBXGroup;
			children = (
				548296371A4D792D00EDCAF0 /* AndroidWearDevice.swift */,
			);
			path = AndroidWear;
			sourceTree = "<group>";
		};
		548296381A4D792D00EDCAF0 /* AppleWatch */ = {
			isa = PBXGroup;
			children = (
				548296391A4D792D00EDCAF0 /* AppleWatchDevice.swift */,
			);
			path = AppleWatch;
			sourceTree = "<group>";
		};
		54C37B7D1A4BFD7E0036C0C8 /* UITableView */ = {
			isa = PBXGroup;
			children = (
				54C37B7E1A4BFD7E0036C0C8 /* DeviceTableViewCell.swift */,
				54C37B801A4C0A9A0036C0C8 /* DeviceTableViewCell.xib */,
				54C37B841A4C116C0036C0C8 /* PropertyTableViewCell.swift */,
				54C37B861A4C1D890036C0C8 /* PropertyTableViewCell.xib */,
				54C37B821A4C0BD80036C0C8 /* UITableView+CustomCells.swift */,
			);
			path = UITableView;
			sourceTree = "<group>";
		};
		54C6EFD31A2F5E650044BDAB /* Predef */ = {
			isa = PBXGroup;
			children = (
				54C6EFD41A2F5E650044BDAB /* Box.swift */,
				54C6EFD51A2F5E650044BDAB /* Either.swift */,
				54C6EFD61A2F5E650044BDAB /* Operators.swift */,
				54C6EFD71A2F5E650044BDAB /* Predef.swift */,
				54C6EFD81A2F5E650044BDAB /* Result.swift */,
			);
			path = Predef;
			sourceTree = "<group>";
		};
		54CC698E19C4AD8E00B29EC8 = {
			isa = PBXGroup;
			children = (
				5427CDEA19C5F259005C9B4E /* CoreMotion.framework */,
				5427CDE819C5F203005C9B4E /* Accelerate.framework */,
				54CC69BC19C4AE0E00B29EC8 /* CoreBluetooth.framework */,
				540894451A2F4E18009FDD10 /* AccelerometerData */,
				54D3207E1A276747002527C8 /* Alamofire */,
				54CC699919C4AD8E00B29EC8 /* Lift */,
				54CC69AF19C4AD8E00B29EC8 /* LiftTests */,
				54DC83901A40ACEA006DD311 /* Lift WatchKit Extension */,
				54DC83A21A40ACEA006DD311 /* Lift WatchKit App */,
				54CC699819C4AD8E00B29EC8 /* Products */,
				2B79CAD9FA3A249396AFBB5A /* Pods */,
				8D64789A58A65961D3659708 /* Frameworks */,
			);
			sourceTree = "<group>";
		};
		54CC699819C4AD8E00B29EC8 /* Products */ = {
			isa = PBXGroup;
			children = (
				54CC699719C4AD8E00B29EC8 /* Lift.app */,
				54CC69AC19C4AD8E00B29EC8 /* LiftTests.xctest */,
				54DC838F1A40ACEA006DD311 /* Lift WatchKit Extension.appex */,
				54DC839E1A40ACEA006DD311 /* Lift WatchKit App.app */,
			);
			name = Products;
			sourceTree = "<group>";
		};
		54CC699919C4AD8E00B29EC8 /* Lift */ = {
			isa = PBXGroup;
			children = (
				5475FA2F1A31E9D200877655 /* Settings.bundle */,
				543B26FB1A49D18800381298 /* Device */,
				54C6EFD31A2F5E650044BDAB /* Predef */,
				54CC699A19C4AD8E00B29EC8 /* Supporting Files */,
				54F780B71A278EFC00E4F3C5 /* LiftServer */,
				546BEDEA1A505BD10053F923 /* UICollectionView */,
				54C37B7D1A4BFD7E0036C0C8 /* UITableView */,
				5427CDEE19C60530005C9B4E /* Lift.entitlements */,
				54CC699C19C4AD8E00B29EC8 /* AppDelegate.swift */,
				54F780B51A276E8700E4F3C5 /* AccountViewController.swift */,
				54D8DD2B1A2E59FA0005E2ED /* ExerciseSession.swift */,
				54C6EFE31A2F899A0044BDAB /* HomeController.swift */,
				54C6EFE91A2F8FF00044BDAB /* SessionDetailController.swift */,
				54306B6F1A2A2AD6005D6BC9 /* NewSessionController.swift */,
				54D8DD291A2E58660005E2ED /* DemoSessionController.swift */,
				54CC699E19C4AD8E00B29EC8 /* LiveSessionController.swift */,
				547F64791A2E4FB400F887EE /* PublicProfileController.swift */,
				54CC69A019C4AD8E00B29EC8 /* Main.storyboard */,
				54CC69A319C4AD8E00B29EC8 /* Images.xcassets */,
				54CC55EB19EED8B900F705F7 /* Lift-Bridging-Header.h */,
				54A53EC21A2EF5EC00EDD092 /* Localizable.strings */,
				546336371A338A1600004FAA /* MuscleGroupView.swift */,
				547F64771A2E4EDB00F887EE /* CurrentLiftUser.swift */,
				54E5B1521A4B03E600BC71C0 /* LiftUserDefaults.swift */,
				545E060F1A30540A00AB633B /* ExerciseIntensityKey+Color.swift */,
				54231EAF1A49DC8500F7C640 /* NSError+Convenience.swift */,
				54008B581A49EC730049A8EA /* String+MD5.swift */,
				54DB7DC61A4A01290075A420 /* String+Localisation.swift */,
				54618F7D1A5744710017CA2D /* ResultContext.swift */,
				54E5B1541A4B0A4600BC71C0 /* DeviceSessionStatsKey+Localisation.swift */,
				54849C6C1A531DA8007CDCC2 /* UIImage+Effects.swift */,
				54CB508C1A5835A600CB40F9 /* UIView+Rounded.swift */,
				54F0C0051A60349300D1A9C8 /* RemoteNotificationDelegate.swift */,
			);
			path = Lift;
			sourceTree = "<group>";
		};
		54CC699A19C4AD8E00B29EC8 /* Supporting Files */ = {
			isa = PBXGroup;
			children = (
				54CC699B19C4AD8E00B29EC8 /* Info.plist */,
			);
			name = "Supporting Files";
			sourceTree = "<group>";
		};
		54CC69AF19C4AD8E00B29EC8 /* LiftTests */ = {
			isa = PBXGroup;
			children = (
				54CC69B219C4AD8E00B29EC8 /* LiftTests.swift */,
				54CC69B019C4AD8E00B29EC8 /* Supporting Files */,
			);
			path = LiftTests;
			sourceTree = "<group>";
		};
		54CC69B019C4AD8E00B29EC8 /* Supporting Files */ = {
			isa = PBXGroup;
			children = (
				54CC69B119C4AD8E00B29EC8 /* Info.plist */,
			);
			name = "Supporting Files";
			sourceTree = "<group>";
		};
		54D3207E1A276747002527C8 /* Alamofire */ = {
			isa = PBXGroup;
			children = (
				54B29B1B1A2C801B00098D2A /* Alamofire+SwiftyJSON.h */,
				54B29B1C1A2C801B00098D2A /* Alamofire+SwiftyJSON.swift */,
				54B29B1D1A2C801B00098D2A /* SwiftyJSON.h */,
				54B29B1E1A2C801B00098D2A /* SwiftyJSON.swift */,
				54D3207F1A276747002527C8 /* Alamofire.h */,
				54D320801A276747002527C8 /* Alamofire.swift */,
			);
			path = Alamofire;
			sourceTree = "<group>";
		};
		54DC83901A40ACEA006DD311 /* Lift WatchKit Extension */ = {
			isa = PBXGroup;
			children = (
				54DC83941A40ACEA006DD311 /* InterfaceController.swift */,
				54DC83961A40ACEA006DD311 /* NotificationController.swift */,
				54DC83981A40ACEA006DD311 /* GlanceController.swift */,
				54DC839A1A40ACEA006DD311 /* Images.xcassets */,
				54DC83911A40ACEA006DD311 /* Supporting Files */,
			);
			path = "Lift WatchKit Extension";
			sourceTree = "<group>";
		};
		54DC83911A40ACEA006DD311 /* Supporting Files */ = {
			isa = PBXGroup;
			children = (
				54DC83921A40ACEA006DD311 /* Info.plist */,
				54DC83931A40ACEA006DD311 /* PushNotificationPayload.apns */,
			);
			name = "Supporting Files";
			sourceTree = "<group>";
		};
		54DC83A21A40ACEA006DD311 /* Lift WatchKit App */ = {
			isa = PBXGroup;
			children = (
				54DC83A51A40ACEA006DD311 /* Interface.storyboard */,
				54DC83A71A40ACEA006DD311 /* Images.xcassets */,
				54DC83A31A40ACEA006DD311 /* Supporting Files */,
			);
			path = "Lift WatchKit App";
			sourceTree = "<group>";
		};
		54DC83A31A40ACEA006DD311 /* Supporting Files */ = {
			isa = PBXGroup;
			children = (
				54DC83A41A40ACEA006DD311 /* Info.plist */,
			);
			name = "Supporting Files";
			sourceTree = "<group>";
		};
		54F780B71A278EFC00E4F3C5 /* LiftServer */ = {
			isa = PBXGroup;
			children = (
				54F780B81A278EFC00E4F3C5 /* LiftServer.swift */,
				54680BA21A332DE0004FC897 /* LiftServerCache.swift */,
				545E06071A304D3100AB633B /* LiftServerURLs.swift */,
				545E06031A304CB500AB633B /* UserModel.swift */,
				54204A031A4E08F800DAF6C0 /* UserModel+Marshalling.swift */,
				545E06051A304CBD00AB633B /* ExerciseModel.swift */,
				547D51531A3061800055EB35 /* ExerciseModel+Marshalling.swift */,
				54DC83B31A40AF82006DD311 /* NotificationModel.swift */,
			);
			path = LiftServer;
			sourceTree = "<group>";
		};
		8D64789A58A65961D3659708 /* Frameworks */ = {
			isa = PBXGroup;
			children = (
				54F0C0031A602B9A00D1A9C8 /* HealthKit.framework */,
				5455B3B01A31A8FB002A8D11 /* AudioToolbox.framework */,
				604C4FB0BC879EB56AD28A81 /* libPods.a */,
				54960F081A20C03E00E980AB /* WatchKit.framework */,
			);
			name = Frameworks;
			sourceTree = "<group>";
		};
/* End PBXGroup section */

/* Begin PBXNativeTarget section */
		54CC699619C4AD8E00B29EC8 /* Lift */ = {
			isa = PBXNativeTarget;
			buildConfigurationList = 54CC69B619C4AD8E00B29EC8 /* Build configuration list for PBXNativeTarget "Lift" */;
			buildPhases = (
				CFCD77B5B5545DE592098170 /* Check Pods Manifest.lock */,
				54CC699319C4AD8E00B29EC8 /* Sources */,
				54CC699419C4AD8E00B29EC8 /* Frameworks */,
				54CC699519C4AD8E00B29EC8 /* Resources */,
				BA1347C2469B953E599AB462 /* Copy Pods Resources */,
				54960F2C1A20C03F00E980AB /* Embed App Extensions */,
			);
			buildRules = (
			);
			dependencies = (
				54DC83AA1A40ACEA006DD311 /* PBXTargetDependency */,
			);
			name = Lift;
			productName = Lift;
			productReference = 54CC699719C4AD8E00B29EC8 /* Lift.app */;
			productType = "com.apple.product-type.application";
		};
		54CC69AB19C4AD8E00B29EC8 /* LiftTests */ = {
			isa = PBXNativeTarget;
			buildConfigurationList = 54CC69B919C4AD8E00B29EC8 /* Build configuration list for PBXNativeTarget "LiftTests" */;
			buildPhases = (
				54CC69A819C4AD8E00B29EC8 /* Sources */,
				54CC69A919C4AD8E00B29EC8 /* Frameworks */,
				54CC69AA19C4AD8E00B29EC8 /* Resources */,
			);
			buildRules = (
			);
			dependencies = (
				54CC69AE19C4AD8E00B29EC8 /* PBXTargetDependency */,
			);
			name = LiftTests;
			productName = LiftTests;
			productReference = 54CC69AC19C4AD8E00B29EC8 /* LiftTests.xctest */;
			productType = "com.apple.product-type.bundle.unit-test";
		};
		54DC838E1A40ACEA006DD311 /* Lift WatchKit Extension */ = {
			isa = PBXNativeTarget;
			buildConfigurationList = 54DC83B11A40ACEB006DD311 /* Build configuration list for PBXNativeTarget "Lift WatchKit Extension" */;
			buildPhases = (
				54DC838B1A40ACEA006DD311 /* Sources */,
				54DC838C1A40ACEA006DD311 /* Frameworks */,
				54DC838D1A40ACEA006DD311 /* Resources */,
			);
			buildRules = (
			);
			dependencies = (
				54DC83A11A40ACEA006DD311 /* PBXTargetDependency */,
			);
			name = "Lift WatchKit Extension";
			productName = "Lift WatchKit Extension";
			productReference = 54DC838F1A40ACEA006DD311 /* Lift WatchKit Extension.appex */;
			productType = "com.apple.product-type.watchkit-extension";
		};
		54DC839D1A40ACEA006DD311 /* Lift WatchKit App */ = {
			isa = PBXNativeTarget;
			buildConfigurationList = 54DC83B01A40ACEB006DD311 /* Build configuration list for PBXNativeTarget "Lift WatchKit App" */;
			buildPhases = (
				54DC839C1A40ACEA006DD311 /* Resources */,
			);
			buildRules = (
			);
			dependencies = (
			);
			name = "Lift WatchKit App";
			productName = "Lift WatchKit App";
			productReference = 54DC839E1A40ACEA006DD311 /* Lift WatchKit App.app */;
			productType = "com.apple.product-type.application.watchapp";
		};
/* End PBXNativeTarget section */

/* Begin PBXProject section */
		54CC698F19C4AD8E00B29EC8 /* Project object */ = {
			isa = PBXProject;
			attributes = {
				LastUpgradeCheck = 0600;
				ORGANIZATIONNAME = "Jan Machacek";
				TargetAttributes = {
					54CC699619C4AD8E00B29EC8 = {
						CreatedOnToolsVersion = 6.1;
						DevelopmentTeam = K5TCBGB2PR;
						SystemCapabilities = {
							com.apple.BackgroundModes = {
								enabled = 1;
							};
							com.apple.HealthKit = {
								enabled = 1;
							};
							com.apple.iCloud = {
								enabled = 0;
							};
						};
					};
					54CC69AB19C4AD8E00B29EC8 = {
						CreatedOnToolsVersion = 6.1;
						TestTargetID = 54CC699619C4AD8E00B29EC8;
					};
					54DC838E1A40ACEA006DD311 = {
						CreatedOnToolsVersion = 6.2;
						DevelopmentTeam = K5TCBGB2PR;
					};
					54DC839D1A40ACEA006DD311 = {
						CreatedOnToolsVersion = 6.2;
						DevelopmentTeam = K5TCBGB2PR;
					};
				};
			};
			buildConfigurationList = 54CC699219C4AD8E00B29EC8 /* Build configuration list for PBXProject "Lift" */;
			compatibilityVersion = "Xcode 3.2";
			developmentRegion = English;
			hasScannedForEncodings = 0;
			knownRegions = (
				en,
				Base,
			);
			mainGroup = 54CC698E19C4AD8E00B29EC8;
			productRefGroup = 54CC699819C4AD8E00B29EC8 /* Products */;
			projectDirPath = "";
			projectRoot = "";
			targets = (
				54CC699619C4AD8E00B29EC8 /* Lift */,
				54CC69AB19C4AD8E00B29EC8 /* LiftTests */,
				54DC838E1A40ACEA006DD311 /* Lift WatchKit Extension */,
				54DC839D1A40ACEA006DD311 /* Lift WatchKit App */,
			);
		};
/* End PBXProject section */

/* Begin PBXResourcesBuildPhase section */
		54CC699519C4AD8E00B29EC8 /* Resources */ = {
			isa = PBXResourcesBuildPhase;
			buildActionMask = 2147483647;
			files = (
				54FBCD1F1A5BF0FA00E2CB2C /* arms-bicep-curl.dat in Resources */,
				54C37B811A4C0A9A0036C0C8 /* DeviceTableViewCell.xib in Resources */,
				5475FA301A31E9D200877655 /* Settings.bundle in Resources */,
				54CC69A219C4AD8E00B29EC8 /* Main.storyboard in Resources */,
				54A53EC41A2EF5EC00EDD092 /* Localizable.strings in Resources */,
				54C37B871A4C1D890036C0C8 /* PropertyTableViewCell.xib in Resources */,
				54CC69A419C4AD8E00B29EC8 /* Images.xcassets in Resources */,
			);
			runOnlyForDeploymentPostprocessing = 0;
		};
		54CC69AA19C4AD8E00B29EC8 /* Resources */ = {
			isa = PBXResourcesBuildPhase;
			buildActionMask = 2147483647;
			files = (
			);
			runOnlyForDeploymentPostprocessing = 0;
		};
		54DC838D1A40ACEA006DD311 /* Resources */ = {
			isa = PBXResourcesBuildPhase;
			buildActionMask = 2147483647;
			files = (
				54DC839B1A40ACEA006DD311 /* Images.xcassets in Resources */,
				54DC839F1A40ACEA006DD311 /* Lift WatchKit App.app in Resources */,
			);
			runOnlyForDeploymentPostprocessing = 0;
		};
		54DC839C1A40ACEA006DD311 /* Resources */ = {
			isa = PBXResourcesBuildPhase;
			buildActionMask = 2147483647;
			files = (
				54DC83A61A40ACEA006DD311 /* Interface.storyboard in Resources */,
				54DC83A81A40ACEA006DD311 /* Images.xcassets in Resources */,
			);
			runOnlyForDeploymentPostprocessing = 0;
		};
/* End PBXResourcesBuildPhase section */

/* Begin PBXShellScriptBuildPhase section */
		BA1347C2469B953E599AB462 /* Copy Pods Resources */ = {
			isa = PBXShellScriptBuildPhase;
			buildActionMask = 2147483647;
			files = (
			);
			inputPaths = (
			);
			name = "Copy Pods Resources";
			outputPaths = (
			);
			runOnlyForDeploymentPostprocessing = 0;
			shellPath = /bin/sh;
			shellScript = "\"${SRCROOT}/Pods/Target Support Files/Pods/Pods-resources.sh\"\n";
			showEnvVarsInLog = 0;
		};
		CFCD77B5B5545DE592098170 /* Check Pods Manifest.lock */ = {
			isa = PBXShellScriptBuildPhase;
			buildActionMask = 2147483647;
			files = (
			);
			inputPaths = (
			);
			name = "Check Pods Manifest.lock";
			outputPaths = (
			);
			runOnlyForDeploymentPostprocessing = 0;
			shellPath = /bin/sh;
			shellScript = "diff \"${PODS_ROOT}/../Podfile.lock\" \"${PODS_ROOT}/Manifest.lock\" > /dev/null\nif [[ $? != 0 ]] ; then\n    cat << EOM\nerror: The sandbox is not in sync with the Podfile.lock. Run 'pod install' or update your CocoaPods installation.\nEOM\n    exit 1\nfi\n";
			showEnvVarsInLog = 0;
		};
/* End PBXShellScriptBuildPhase section */

/* Begin PBXSourcesBuildPhase section */
		54CC699319C4AD8E00B29EC8 /* Sources */ = {
			isa = PBXSourcesBuildPhase;
			buildActionMask = 2147483647;
			files = (
				54D8DD2C1A2E59FA0005E2ED /* ExerciseSession.swift in Sources */,
				548296401A4D7F3A00EDCAF0 /* Devices.swift in Sources */,
				54C37B831A4C0BD80036C0C8 /* UITableView+CustomCells.swift in Sources */,
				54008B591A49EC730049A8EA /* String+MD5.swift in Sources */,
				54C6EFEA1A2F8FF00044BDAB /* SessionDetailController.swift in Sources */,
				54DB7DC71A4A01290075A420 /* String+Localisation.swift in Sources */,
				54DB071B1A49E65400DC1E91 /* Device.swift in Sources */,
				54F0C0061A60349300D1A9C8 /* RemoteNotificationDelegate.swift in Sources */,
				54C37B851A4C116C0036C0C8 /* PropertyTableViewCell.swift in Sources */,
				545E06061A304CBD00AB633B /* ExerciseModel.swift in Sources */,
				546336381A338A1600004FAA /* MuscleGroupView.swift in Sources */,
				54E5B1551A4B0A4600BC71C0 /* DeviceSessionStatsKey+Localisation.swift in Sources */,
				545E06041A304CB500AB633B /* UserModel.swift in Sources */,
				54B29B201A2C801B00098D2A /* SwiftyJSON.swift in Sources */,
				54F780B91A278EFC00E4F3C5 /* LiftServer.swift in Sources */,
				543B27021A49D1C400381298 /* PebbleAccelerometerRecorder.swift in Sources */,
				54C6EFDD1A2F5E650044BDAB /* Result.swift in Sources */,
				543B26FD1A49D18800381298 /* Accelerometer.swift in Sources */,
				54CC699F19C4AD8E00B29EC8 /* LiveSessionController.swift in Sources */,
				54C6EFE41A2F899A0044BDAB /* HomeController.swift in Sources */,
				54204A041A4E08F800DAF6C0 /* UserModel+Marshalling.swift in Sources */,
				54CB508D1A5835A600CB40F9 /* UIView+Rounded.swift in Sources */,
				54D320811A276747002527C8 /* Alamofire.swift in Sources */,
				54D8DD2A1A2E58660005E2ED /* DemoSessionController.swift in Sources */,
				54B29B1F1A2C801B00098D2A /* Alamofire+SwiftyJSON.swift in Sources */,
				547F64781A2E4EDB00F887EE /* CurrentLiftUser.swift in Sources */,
				54618F7E1A5744710017CA2D /* ResultContext.swift in Sources */,
				54C6EFDC1A2F5E650044BDAB /* Predef.swift in Sources */,
				54CC699D19C4AD8E00B29EC8 /* AppDelegate.swift in Sources */,
				547F647A1A2E4FB400F887EE /* PublicProfileController.swift in Sources */,
				54C6EFD91A2F5E650044BDAB /* Box.swift in Sources */,
				54231EB01A49DC8500F7C640 /* NSError+Convenience.swift in Sources */,
				545E06101A30540A00AB633B /* ExerciseIntensityKey+Color.swift in Sources */,
				54C6EFDA1A2F5E650044BDAB /* Either.swift in Sources */,
				54C37B7F1A4BFD7E0036C0C8 /* DeviceTableViewCell.swift in Sources */,
				547D51541A3061800055EB35 /* ExerciseModel+Marshalling.swift in Sources */,
				54DC83B41A40AF82006DD311 /* NotificationModel.swift in Sources */,
				545E06081A304D3100AB633B /* LiftServerURLs.swift in Sources */,
				54C6EFDB1A2F5E650044BDAB /* Operators.swift in Sources */,
				5482963C1A4D792D00EDCAF0 /* AndroidWearDevice.swift in Sources */,
				54F780B61A276E8700E4F3C5 /* AccountViewController.swift in Sources */,
				54306B701A2A2AD6005D6BC9 /* NewSessionController.swift in Sources */,
				54E5B1531A4B03E600BC71C0 /* LiftUserDefaults.swift in Sources */,
				543B27001A49D1A800381298 /* PebbleDevice.swift in Sources */,
				5482963D1A4D792D00EDCAF0 /* AppleWatchDevice.swift in Sources */,
				54680BA31A332DE0004FC897 /* LiftServerCache.swift in Sources */,
				54849C6D1A531DA8007CDCC2 /* UIImage+Effects.swift in Sources */,
			);
			runOnlyForDeploymentPostprocessing = 0;
		};
		54CC69A819C4AD8E00B29EC8 /* Sources */ = {
			isa = PBXSourcesBuildPhase;
			buildActionMask = 2147483647;
			files = (
				54CC69B319C4AD8E00B29EC8 /* LiftTests.swift in Sources */,
			);
			runOnlyForDeploymentPostprocessing = 0;
		};
		54DC838B1A40ACEA006DD311 /* Sources */ = {
			isa = PBXSourcesBuildPhase;
			buildActionMask = 2147483647;
			files = (
				54DC83971A40ACEA006DD311 /* NotificationController.swift in Sources */,
				54DC83951A40ACEA006DD311 /* InterfaceController.swift in Sources */,
				54DC83B51A40AF82006DD311 /* NotificationModel.swift in Sources */,
				54DC83991A40ACEA006DD311 /* GlanceController.swift in Sources */,
				54DC83B61A40B13B006DD311 /* ExerciseModel.swift in Sources */,
			);
			runOnlyForDeploymentPostprocessing = 0;
		};
/* End PBXSourcesBuildPhase section */

/* Begin PBXTargetDependency section */
		54CC69AE19C4AD8E00B29EC8 /* PBXTargetDependency */ = {
			isa = PBXTargetDependency;
			target = 54CC699619C4AD8E00B29EC8 /* Lift */;
			targetProxy = 54CC69AD19C4AD8E00B29EC8 /* PBXContainerItemProxy */;
		};
		54DC83A11A40ACEA006DD311 /* PBXTargetDependency */ = {
			isa = PBXTargetDependency;
			target = 54DC839D1A40ACEA006DD311 /* Lift WatchKit App */;
			targetProxy = 54DC83A01A40ACEA006DD311 /* PBXContainerItemProxy */;
		};
		54DC83AA1A40ACEA006DD311 /* PBXTargetDependency */ = {
			isa = PBXTargetDependency;
			target = 54DC838E1A40ACEA006DD311 /* Lift WatchKit Extension */;
			targetProxy = 54DC83A91A40ACEA006DD311 /* PBXContainerItemProxy */;
		};
/* End PBXTargetDependency section */

/* Begin PBXVariantGroup section */
		54A53EC21A2EF5EC00EDD092 /* Localizable.strings */ = {
			isa = PBXVariantGroup;
			children = (
				54A53EC31A2EF5EC00EDD092 /* Base */,
			);
			name = Localizable.strings;
			sourceTree = "<group>";
		};
		54CC69A019C4AD8E00B29EC8 /* Main.storyboard */ = {
			isa = PBXVariantGroup;
			children = (
				54CC69A119C4AD8E00B29EC8 /* Base */,
			);
			name = Main.storyboard;
			sourceTree = "<group>";
		};
/* End PBXVariantGroup section */

/* Begin XCBuildConfiguration section */
		54CC69B419C4AD8E00B29EC8 /* Debug */ = {
			isa = XCBuildConfiguration;
			buildSettings = {
				ALWAYS_SEARCH_USER_PATHS = NO;
				CLANG_CXX_LANGUAGE_STANDARD = "gnu++0x";
				CLANG_CXX_LIBRARY = "libc++";
				CLANG_ENABLE_MODULES = YES;
				CLANG_ENABLE_OBJC_ARC = YES;
				CLANG_WARN_BOOL_CONVERSION = YES;
				CLANG_WARN_CONSTANT_CONVERSION = YES;
				CLANG_WARN_DIRECT_OBJC_ISA_USAGE = YES_ERROR;
				CLANG_WARN_EMPTY_BODY = YES;
				CLANG_WARN_ENUM_CONVERSION = YES;
				CLANG_WARN_INT_CONVERSION = YES;
				CLANG_WARN_OBJC_ROOT_CLASS = YES_ERROR;
				CLANG_WARN_UNREACHABLE_CODE = YES;
				CLANG_WARN__DUPLICATE_METHOD_MATCH = YES;
				"CODE_SIGN_IDENTITY[sdk=iphoneos*]" = "iPhone Developer";
				COPY_PHASE_STRIP = NO;
				ENABLE_STRICT_OBJC_MSGSEND = YES;
				GCC_C_LANGUAGE_STANDARD = gnu99;
				GCC_DYNAMIC_NO_PIC = NO;
				GCC_OPTIMIZATION_LEVEL = 0;
				GCC_PREPROCESSOR_DEFINITIONS = (
					"DEBUG=1",
					"$(inherited)",
				);
				GCC_SYMBOLS_PRIVATE_EXTERN = NO;
				GCC_WARN_64_TO_32_BIT_CONVERSION = YES;
				GCC_WARN_ABOUT_RETURN_TYPE = YES_ERROR;
				GCC_WARN_UNDECLARED_SELECTOR = YES;
				GCC_WARN_UNINITIALIZED_AUTOS = YES_AGGRESSIVE;
				GCC_WARN_UNUSED_FUNCTION = YES;
				GCC_WARN_UNUSED_VARIABLE = YES;
				IPHONEOS_DEPLOYMENT_TARGET = 8.2;
				MTL_ENABLE_DEBUG_INFO = YES;
				ONLY_ACTIVE_ARCH = YES;
				SDKROOT = iphoneos;
				SWIFT_OPTIMIZATION_LEVEL = "-Onone";
			};
			name = Debug;
		};
		54CC69B519C4AD8E00B29EC8 /* Release */ = {
			isa = XCBuildConfiguration;
			buildSettings = {
				ALWAYS_SEARCH_USER_PATHS = NO;
				CLANG_CXX_LANGUAGE_STANDARD = "gnu++0x";
				CLANG_CXX_LIBRARY = "libc++";
				CLANG_ENABLE_MODULES = YES;
				CLANG_ENABLE_OBJC_ARC = YES;
				CLANG_WARN_BOOL_CONVERSION = YES;
				CLANG_WARN_CONSTANT_CONVERSION = YES;
				CLANG_WARN_DIRECT_OBJC_ISA_USAGE = YES_ERROR;
				CLANG_WARN_EMPTY_BODY = YES;
				CLANG_WARN_ENUM_CONVERSION = YES;
				CLANG_WARN_INT_CONVERSION = YES;
				CLANG_WARN_OBJC_ROOT_CLASS = YES_ERROR;
				CLANG_WARN_UNREACHABLE_CODE = YES;
				CLANG_WARN__DUPLICATE_METHOD_MATCH = YES;
				"CODE_SIGN_IDENTITY[sdk=iphoneos*]" = "iPhone Developer";
				COPY_PHASE_STRIP = YES;
				ENABLE_NS_ASSERTIONS = NO;
				ENABLE_STRICT_OBJC_MSGSEND = YES;
				GCC_C_LANGUAGE_STANDARD = gnu99;
				GCC_WARN_64_TO_32_BIT_CONVERSION = YES;
				GCC_WARN_ABOUT_RETURN_TYPE = YES_ERROR;
				GCC_WARN_UNDECLARED_SELECTOR = YES;
				GCC_WARN_UNINITIALIZED_AUTOS = YES_AGGRESSIVE;
				GCC_WARN_UNUSED_FUNCTION = YES;
				GCC_WARN_UNUSED_VARIABLE = YES;
				IPHONEOS_DEPLOYMENT_TARGET = 8.2;
				MTL_ENABLE_DEBUG_INFO = NO;
				SDKROOT = iphoneos;
				VALIDATE_PRODUCT = YES;
			};
			name = Release;
		};
		54CC69B719C4AD8E00B29EC8 /* Debug */ = {
			isa = XCBuildConfiguration;
			baseConfigurationReference = 0293CE44C9B33D93ACF27719 /* Pods.debug.xcconfig */;
			buildSettings = {
				ASSETCATALOG_COMPILER_APPICON_NAME = AppIcon;
				ASSETCATALOG_COMPILER_LAUNCHIMAGE_NAME = LaunchImage;
				CLANG_ENABLE_MODULES = YES;
				CODE_SIGN_ENTITLEMENTS = Lift/Lift.entitlements;
				CODE_SIGN_IDENTITY = "iPhone Developer";
				"CODE_SIGN_IDENTITY[sdk=iphoneos*]" = "iPhone Developer";
				EMBEDDED_CONTENT_CONTAINS_SWIFT = YES;
				FRAMEWORK_SEARCH_PATHS = (
					"$(inherited)",
					"$(USER_LIBRARY_DIR)/Developer/Xcode/DerivedData/Lift-bibucqyzhhsvvrfkufdklduqdumr/Build/Products/Debug-iphoneos",
				);
				INFOPLIST_FILE = Lift/Info.plist;
				IPHONEOS_DEPLOYMENT_TARGET = 8.0;
				LD_RUNPATH_SEARCH_PATHS = "$(inherited) @executable_path/Frameworks";
				LIBRARY_SEARCH_PATHS = (
					"$(inherited)",
					"$(PROJECT_DIR)/Pods/build/Debug-iphoneos",
				);
				PRODUCT_NAME = "$(TARGET_NAME)";
				PROVISIONING_PROFILE = "";
				SWIFT_OBJC_BRIDGING_HEADER = "Lift/Lift-Bridging-Header.h";
				SWIFT_OPTIMIZATION_LEVEL = "-Onone";
				TARGETED_DEVICE_FAMILY = 1;
			};
			name = Debug;
		};
		54CC69B819C4AD8E00B29EC8 /* Release */ = {
			isa = XCBuildConfiguration;
			baseConfigurationReference = 5D984E2C657088D05D0AE494 /* Pods.release.xcconfig */;
			buildSettings = {
				ASSETCATALOG_COMPILER_APPICON_NAME = AppIcon;
				ASSETCATALOG_COMPILER_LAUNCHIMAGE_NAME = LaunchImage;
				CLANG_ENABLE_MODULES = YES;
				CODE_SIGN_ENTITLEMENTS = Lift/Lift.entitlements;
				CODE_SIGN_IDENTITY = "iPhone Developer";
				"CODE_SIGN_IDENTITY[sdk=iphoneos*]" = "iPhone Developer";
				EMBEDDED_CONTENT_CONTAINS_SWIFT = YES;
				FRAMEWORK_SEARCH_PATHS = (
					"$(inherited)",
					"$(USER_LIBRARY_DIR)/Developer/Xcode/DerivedData/Lift-bibucqyzhhsvvrfkufdklduqdumr/Build/Products/Debug-iphoneos",
				);
				INFOPLIST_FILE = Lift/Info.plist;
				IPHONEOS_DEPLOYMENT_TARGET = 8.0;
				LD_RUNPATH_SEARCH_PATHS = "$(inherited) @executable_path/Frameworks";
				LIBRARY_SEARCH_PATHS = (
					"$(inherited)",
					"$(PROJECT_DIR)/Pods/build/Debug-iphoneos",
				);
				PRODUCT_NAME = "$(TARGET_NAME)";
				PROVISIONING_PROFILE = "";
				SWIFT_OBJC_BRIDGING_HEADER = "Lift/Lift-Bridging-Header.h";
				TARGETED_DEVICE_FAMILY = 1;
			};
			name = Release;
		};
		54CC69BA19C4AD8E00B29EC8 /* Debug */ = {
			isa = XCBuildConfiguration;
			buildSettings = {
				BUNDLE_LOADER = "$(TEST_HOST)";
				FRAMEWORK_SEARCH_PATHS = (
					"$(SDKROOT)/Developer/Library/Frameworks",
					"$(inherited)",
				);
				GCC_PREPROCESSOR_DEFINITIONS = (
					"DEBUG=1",
					"$(inherited)",
				);
				INFOPLIST_FILE = LiftTests/Info.plist;
				LD_RUNPATH_SEARCH_PATHS = "$(inherited) @executable_path/Frameworks @loader_path/Frameworks";
				PRODUCT_NAME = "$(TARGET_NAME)";
				TEST_HOST = "$(BUILT_PRODUCTS_DIR)/Lift.app/Lift";
			};
			name = Debug;
		};
		54CC69BB19C4AD8E00B29EC8 /* Release */ = {
			isa = XCBuildConfiguration;
			buildSettings = {
				BUNDLE_LOADER = "$(TEST_HOST)";
				FRAMEWORK_SEARCH_PATHS = (
					"$(SDKROOT)/Developer/Library/Frameworks",
					"$(inherited)",
				);
				INFOPLIST_FILE = LiftTests/Info.plist;
				LD_RUNPATH_SEARCH_PATHS = "$(inherited) @executable_path/Frameworks @loader_path/Frameworks";
				PRODUCT_NAME = "$(TARGET_NAME)";
				TEST_HOST = "$(BUILT_PRODUCTS_DIR)/Lift.app/Lift";
			};
			name = Release;
		};
		54DC83AC1A40ACEA006DD311 /* Debug */ = {
			isa = XCBuildConfiguration;
			buildSettings = {
				CODE_SIGN_IDENTITY = "iPhone Developer";
				"CODE_SIGN_IDENTITY[sdk=iphoneos*]" = "iPhone Developer";
				GCC_PREPROCESSOR_DEFINITIONS = (
					"DEBUG=1",
					"$(inherited)",
				);
				INFOPLIST_FILE = "Lift WatchKit Extension/Info.plist";
				LD_RUNPATH_SEARCH_PATHS = "$(inherited) @executable_path/Frameworks @executable_path/../../Frameworks";
				PRODUCT_NAME = "${TARGET_NAME}";
				SKIP_INSTALL = YES;
			};
			name = Debug;
		};
		54DC83AD1A40ACEA006DD311 /* Release */ = {
			isa = XCBuildConfiguration;
			buildSettings = {
				CODE_SIGN_IDENTITY = "iPhone Developer";
				"CODE_SIGN_IDENTITY[sdk=iphoneos*]" = "iPhone Developer";
				INFOPLIST_FILE = "Lift WatchKit Extension/Info.plist";
				LD_RUNPATH_SEARCH_PATHS = "$(inherited) @executable_path/Frameworks @executable_path/../../Frameworks";
				PRODUCT_NAME = "${TARGET_NAME}";
				SKIP_INSTALL = YES;
			};
			name = Release;
		};
		54DC83AE1A40ACEA006DD311 /* Debug */ = {
			isa = XCBuildConfiguration;
			buildSettings = {
				ASSETCATALOG_COMPILER_APPICON_NAME = AppIcon;
				ASSETCATALOG_COMPILER_LAUNCHIMAGE_NAME = LaunchImage;
				CLANG_ENABLE_MODULES = YES;
				GCC_PREPROCESSOR_DEFINITIONS = (
					"DEBUG=1",
					"$(inherited)",
				);
				IBSC_MODULE = Lift_WatchKit_Extension;
				INFOPLIST_FILE = "Lift WatchKit App/Info.plist";
				LD_RUNPATH_SEARCH_PATHS = "$(inherited) @executable_path/Frameworks @loader_path/Frameworks";
				PRODUCT_NAME = "$(TARGET_NAME)";
				SKIP_INSTALL = YES;
				SWIFT_OBJC_BRIDGING_HEADER = "Lift/LiftServer/Lift WatchKit App-Bridging-Header.h";
				SWIFT_OPTIMIZATION_LEVEL = "-Onone";
				TARGETED_DEVICE_FAMILY = 4;
				"TARGETED_DEVICE_FAMILY[sdk=iphonesimulator*]" = "1,4";
			};
			name = Debug;
		};
		54DC83AF1A40ACEA006DD311 /* Release */ = {
			isa = XCBuildConfiguration;
			buildSettings = {
				ASSETCATALOG_COMPILER_APPICON_NAME = AppIcon;
				ASSETCATALOG_COMPILER_LAUNCHIMAGE_NAME = LaunchImage;
				CLANG_ENABLE_MODULES = YES;
				IBSC_MODULE = Lift_WatchKit_Extension;
				INFOPLIST_FILE = "Lift WatchKit App/Info.plist";
				LD_RUNPATH_SEARCH_PATHS = "$(inherited) @executable_path/Frameworks @loader_path/Frameworks";
				PRODUCT_NAME = "$(TARGET_NAME)";
				SKIP_INSTALL = YES;
				SWIFT_OBJC_BRIDGING_HEADER = "Lift/LiftServer/Lift WatchKit App-Bridging-Header.h";
				TARGETED_DEVICE_FAMILY = 4;
				"TARGETED_DEVICE_FAMILY[sdk=iphonesimulator*]" = "1,4";
			};
			name = Release;
		};
/* End XCBuildConfiguration section */

/* Begin XCConfigurationList section */
		54CC699219C4AD8E00B29EC8 /* Build configuration list for PBXProject "Lift" */ = {
			isa = XCConfigurationList;
			buildConfigurations = (
				54CC69B419C4AD8E00B29EC8 /* Debug */,
				54CC69B519C4AD8E00B29EC8 /* Release */,
			);
			defaultConfigurationIsVisible = 0;
			defaultConfigurationName = Release;
		};
		54CC69B619C4AD8E00B29EC8 /* Build configuration list for PBXNativeTarget "Lift" */ = {
			isa = XCConfigurationList;
			buildConfigurations = (
				54CC69B719C4AD8E00B29EC8 /* Debug */,
				54CC69B819C4AD8E00B29EC8 /* Release */,
			);
			defaultConfigurationIsVisible = 0;
			defaultConfigurationName = Release;
		};
		54CC69B919C4AD8E00B29EC8 /* Build configuration list for PBXNativeTarget "LiftTests" */ = {
			isa = XCConfigurationList;
			buildConfigurations = (
				54CC69BA19C4AD8E00B29EC8 /* Debug */,
				54CC69BB19C4AD8E00B29EC8 /* Release */,
			);
			defaultConfigurationIsVisible = 0;
			defaultConfigurationName = Release;
		};
		54DC83B01A40ACEB006DD311 /* Build configuration list for PBXNativeTarget "Lift WatchKit App" */ = {
			isa = XCConfigurationList;
			buildConfigurations = (
				54DC83AE1A40ACEA006DD311 /* Debug */,
				54DC83AF1A40ACEA006DD311 /* Release */,
			);
			defaultConfigurationIsVisible = 0;
			defaultConfigurationName = Release;
		};
		54DC83B11A40ACEB006DD311 /* Build configuration list for PBXNativeTarget "Lift WatchKit Extension" */ = {
			isa = XCConfigurationList;
			buildConfigurations = (
				54DC83AC1A40ACEA006DD311 /* Debug */,
				54DC83AD1A40ACEA006DD311 /* Release */,
			);
			defaultConfigurationIsVisible = 0;
			defaultConfigurationName = Release;
		};
/* End XCConfigurationList section */
	};
	rootObject = 54CC698F19C4AD8E00B29EC8 /* Project object */;
}
