// !$*UTF8*$!
{
	archiveVersion = 1;
	classes = {
	};
	objectVersion = 46;
	objects = {

/* Begin PBXBuildFile section */
		5427CDEB19C5F259005C9B4E /* CoreMotion.framework in Frameworks */ = {isa = PBXBuildFile; fileRef = 5427CDEA19C5F259005C9B4E /* CoreMotion.framework */; };
		5427CDED19C5F296005C9B4E /* Recorder.swift in Sources */ = {isa = PBXBuildFile; fileRef = 5427CDEC19C5F296005C9B4E /* Recorder.swift */; };
		54CC699D19C4AD8E00B29EC8 /* AppDelegate.swift in Sources */ = {isa = PBXBuildFile; fileRef = 54CC699C19C4AD8E00B29EC8 /* AppDelegate.swift */; };
		54CC699F19C4AD8E00B29EC8 /* ViewController.swift in Sources */ = {isa = PBXBuildFile; fileRef = 54CC699E19C4AD8E00B29EC8 /* ViewController.swift */; };
		54CC69A219C4AD8E00B29EC8 /* Main.storyboard in Resources */ = {isa = PBXBuildFile; fileRef = 54CC69A019C4AD8E00B29EC8 /* Main.storyboard */; };
		54CC69A419C4AD8E00B29EC8 /* Images.xcassets in Resources */ = {isa = PBXBuildFile; fileRef = 54CC69A319C4AD8E00B29EC8 /* Images.xcassets */; };
		54CC69A719C4AD8E00B29EC8 /* LaunchScreen.xib in Resources */ = {isa = PBXBuildFile; fileRef = 54CC69A519C4AD8E00B29EC8 /* LaunchScreen.xib */; };
		54CC69B319C4AD8E00B29EC8 /* LiftTests.swift in Sources */ = {isa = PBXBuildFile; fileRef = 54CC69B219C4AD8E00B29EC8 /* LiftTests.swift */; };
		54CC69BD19C4AE0E00B29EC8 /* CoreBluetooth.framework in Frameworks */ = {isa = PBXBuildFile; fileRef = 54CC69BC19C4AE0E00B29EC8 /* CoreBluetooth.framework */; };
		54D0A61A19EFC64700429C3B /* Protocol.c in Sources */ = {isa = PBXBuildFile; fileRef = 54D0A61919EFC64700429C3B /* Protocol.c */; };
		83596E4AB21AF7BB754F28CE /* libPods.a in Frameworks */ = {isa = PBXBuildFile; fileRef = 604C4FB0BC879EB56AD28A81 /* libPods.a */; };
/* End PBXBuildFile section */

/* Begin PBXContainerItemProxy section */
		54CC69AD19C4AD8E00B29EC8 /* PBXContainerItemProxy */ = {
			isa = PBXContainerItemProxy;
			containerPortal = 54CC698F19C4AD8E00B29EC8 /* Project object */;
			proxyType = 1;
			remoteGlobalIDString = 54CC699619C4AD8E00B29EC8;
			remoteInfo = Lift;
		};
/* End PBXContainerItemProxy section */

/* Begin PBXFileReference section */
		0293CE44C9B33D93ACF27719 /* Pods.debug.xcconfig */ = {isa = PBXFileReference; includeInIndex = 1; lastKnownFileType = text.xcconfig; name = Pods.debug.xcconfig; path = "Pods/Target Support Files/Pods/Pods.debug.xcconfig"; sourceTree = "<group>"; };
		5427CDE819C5F203005C9B4E /* Accelerate.framework */ = {isa = PBXFileReference; lastKnownFileType = wrapper.framework; name = Accelerate.framework; path = System/Library/Frameworks/Accelerate.framework; sourceTree = SDKROOT; };
		5427CDEA19C5F259005C9B4E /* CoreMotion.framework */ = {isa = PBXFileReference; lastKnownFileType = wrapper.framework; name = CoreMotion.framework; path = System/Library/Frameworks/CoreMotion.framework; sourceTree = SDKROOT; };
		5427CDEC19C5F296005C9B4E /* Recorder.swift */ = {isa = PBXFileReference; fileEncoding = 4; lastKnownFileType = sourcecode.swift; name = Recorder.swift; path = Motion/Recorder.swift; sourceTree = "<group>"; };
		5427CDEE19C60530005C9B4E /* Lift.entitlements */ = {isa = PBXFileReference; lastKnownFileType = text.xml; path = Lift.entitlements; sourceTree = "<group>"; };
		547C5E1219EFBE0300E0010B /* Protocol.h */ = {isa = PBXFileReference; fileEncoding = 4; lastKnownFileType = sourcecode.c.h; name = Protocol.h; path = Pebble/Protocol.h; sourceTree = "<group>"; };
		54CC55EB19EED8B900F705F7 /* Lift-Bridging-Header.h */ = {isa = PBXFileReference; lastKnownFileType = sourcecode.c.h; path = "Lift-Bridging-Header.h"; sourceTree = "<group>"; };
		54CC699719C4AD8E00B29EC8 /* Lift.app */ = {isa = PBXFileReference; explicitFileType = wrapper.application; includeInIndex = 0; path = Lift.app; sourceTree = BUILT_PRODUCTS_DIR; };
		54CC699B19C4AD8E00B29EC8 /* Info.plist */ = {isa = PBXFileReference; lastKnownFileType = text.plist.xml; path = Info.plist; sourceTree = "<group>"; };
		54CC699C19C4AD8E00B29EC8 /* AppDelegate.swift */ = {isa = PBXFileReference; lastKnownFileType = sourcecode.swift; path = AppDelegate.swift; sourceTree = "<group>"; };
		54CC699E19C4AD8E00B29EC8 /* ViewController.swift */ = {isa = PBXFileReference; lastKnownFileType = sourcecode.swift; path = ViewController.swift; sourceTree = "<group>"; };
		54CC69A119C4AD8E00B29EC8 /* Base */ = {isa = PBXFileReference; lastKnownFileType = file.storyboard; name = Base; path = Base.lproj/Main.storyboard; sourceTree = "<group>"; };
		54CC69A319C4AD8E00B29EC8 /* Images.xcassets */ = {isa = PBXFileReference; lastKnownFileType = folder.assetcatalog; path = Images.xcassets; sourceTree = "<group>"; };
		54CC69A619C4AD8E00B29EC8 /* Base */ = {isa = PBXFileReference; lastKnownFileType = file.xib; name = Base; path = Base.lproj/LaunchScreen.xib; sourceTree = "<group>"; };
		54CC69AC19C4AD8E00B29EC8 /* LiftTests.xctest */ = {isa = PBXFileReference; explicitFileType = wrapper.cfbundle; includeInIndex = 0; path = LiftTests.xctest; sourceTree = BUILT_PRODUCTS_DIR; };
		54CC69B119C4AD8E00B29EC8 /* Info.plist */ = {isa = PBXFileReference; lastKnownFileType = text.plist.xml; path = Info.plist; sourceTree = "<group>"; };
		54CC69B219C4AD8E00B29EC8 /* LiftTests.swift */ = {isa = PBXFileReference; lastKnownFileType = sourcecode.swift; path = LiftTests.swift; sourceTree = "<group>"; };
		54CC69BC19C4AE0E00B29EC8 /* CoreBluetooth.framework */ = {isa = PBXFileReference; lastKnownFileType = wrapper.framework; name = CoreBluetooth.framework; path = System/Library/Frameworks/CoreBluetooth.framework; sourceTree = SDKROOT; };
		54D0A61919EFC64700429C3B /* Protocol.c */ = {isa = PBXFileReference; fileEncoding = 4; lastKnownFileType = sourcecode.c.c; name = Protocol.c; path = Pebble/Protocol.c; sourceTree = "<group>"; };
		5D984E2C657088D05D0AE494 /* Pods.release.xcconfig */ = {isa = PBXFileReference; includeInIndex = 1; lastKnownFileType = text.xcconfig; name = Pods.release.xcconfig; path = "Pods/Target Support Files/Pods/Pods.release.xcconfig"; sourceTree = "<group>"; };
		604C4FB0BC879EB56AD28A81 /* libPods.a */ = {isa = PBXFileReference; explicitFileType = archive.ar; includeInIndex = 0; path = libPods.a; sourceTree = BUILT_PRODUCTS_DIR; };
/* End PBXFileReference section */

/* Begin PBXFrameworksBuildPhase section */
		54CC699419C4AD8E00B29EC8 /* Frameworks */ = {
			isa = PBXFrameworksBuildPhase;
			buildActionMask = 2147483647;
			files = (
				5427CDEB19C5F259005C9B4E /* CoreMotion.framework in Frameworks */,
				54CC69BD19C4AE0E00B29EC8 /* CoreBluetooth.framework in Frameworks */,
				83596E4AB21AF7BB754F28CE /* libPods.a in Frameworks */,
			);
			runOnlyForDeploymentPostprocessing = 0;
		};
		54CC69A919C4AD8E00B29EC8 /* Frameworks */ = {
			isa = PBXFrameworksBuildPhase;
			buildActionMask = 2147483647;
			files = (
			);
			runOnlyForDeploymentPostprocessing = 0;
		};
/* End PBXFrameworksBuildPhase section */

/* Begin PBXGroup section */
		2B79CAD9FA3A249396AFBB5A /* Pods */ = {
			isa = PBXGroup;
			children = (
				0293CE44C9B33D93ACF27719 /* Pods.debug.xcconfig */,
				5D984E2C657088D05D0AE494 /* Pods.release.xcconfig */,
			);
			name = Pods;
			sourceTree = "<group>";
		};
		5427CDE519C5EAF4005C9B4E /* Motion */ = {
			isa = PBXGroup;
			children = (
				5427CDEC19C5F296005C9B4E /* Recorder.swift */,
			);
			name = Motion;
			sourceTree = "<group>";
		};
		547C5E1019EFBCAB00E0010B /* Pebble */ = {
			isa = PBXGroup;
			children = (
				547C5E1219EFBE0300E0010B /* Protocol.h */,
				54D0A61919EFC64700429C3B /* Protocol.c */,
			);
			name = Pebble;
			sourceTree = "<group>";
		};
		54CC698E19C4AD8E00B29EC8 = {
			isa = PBXGroup;
			children = (
				5427CDEA19C5F259005C9B4E /* CoreMotion.framework */,
				5427CDE819C5F203005C9B4E /* Accelerate.framework */,
				54CC69BC19C4AE0E00B29EC8 /* CoreBluetooth.framework */,
				54CC699919C4AD8E00B29EC8 /* Lift */,
				54CC69AF19C4AD8E00B29EC8 /* LiftTests */,
				54CC699819C4AD8E00B29EC8 /* Products */,
				2B79CAD9FA3A249396AFBB5A /* Pods */,
				8D64789A58A65961D3659708 /* Frameworks */,
			);
			sourceTree = "<group>";
		};
		54CC699819C4AD8E00B29EC8 /* Products */ = {
			isa = PBXGroup;
			children = (
				54CC699719C4AD8E00B29EC8 /* Lift.app */,
				54CC69AC19C4AD8E00B29EC8 /* LiftTests.xctest */,
			);
			name = Products;
			sourceTree = "<group>";
		};
		54CC699919C4AD8E00B29EC8 /* Lift */ = {
			isa = PBXGroup;
			children = (
				5427CDE519C5EAF4005C9B4E /* Motion */,
				547C5E1019EFBCAB00E0010B /* Pebble */,
				54CC699A19C4AD8E00B29EC8 /* Supporting Files */,
				5427CDEE19C60530005C9B4E /* Lift.entitlements */,
				54CC699C19C4AD8E00B29EC8 /* AppDelegate.swift */,
				54CC699E19C4AD8E00B29EC8 /* ViewController.swift */,
				54CC69A019C4AD8E00B29EC8 /* Main.storyboard */,
				54CC69A319C4AD8E00B29EC8 /* Images.xcassets */,
				54CC69A519C4AD8E00B29EC8 /* LaunchScreen.xib */,
				54CC55EB19EED8B900F705F7 /* Lift-Bridging-Header.h */,
			);
			path = Lift;
			sourceTree = "<group>";
		};
		54CC699A19C4AD8E00B29EC8 /* Supporting Files */ = {
			isa = PBXGroup;
			children = (
				54CC699B19C4AD8E00B29EC8 /* Info.plist */,
			);
			name = "Supporting Files";
			sourceTree = "<group>";
		};
		54CC69AF19C4AD8E00B29EC8 /* LiftTests */ = {
			isa = PBXGroup;
			children = (
				54CC69B219C4AD8E00B29EC8 /* LiftTests.swift */,
				54CC69B019C4AD8E00B29EC8 /* Supporting Files */,
			);
			path = LiftTests;
			sourceTree = "<group>";
		};
		54CC69B019C4AD8E00B29EC8 /* Supporting Files */ = {
			isa = PBXGroup;
			children = (
				54CC69B119C4AD8E00B29EC8 /* Info.plist */,
			);
			name = "Supporting Files";
			sourceTree = "<group>";
		};
		8D64789A58A65961D3659708 /* Frameworks */ = {
			isa = PBXGroup;
			children = (
				604C4FB0BC879EB56AD28A81 /* libPods.a */,
			);
			name = Frameworks;
			sourceTree = "<group>";
		};
/* End PBXGroup section */

/* Begin PBXNativeTarget section */
		54CC699619C4AD8E00B29EC8 /* Lift */ = {
			isa = PBXNativeTarget;
			buildConfigurationList = 54CC69B619C4AD8E00B29EC8 /* Build configuration list for PBXNativeTarget "Lift" */;
			buildPhases = (
				CFCD77B5B5545DE592098170 /* Check Pods Manifest.lock */,
				54CC699319C4AD8E00B29EC8 /* Sources */,
				54CC699419C4AD8E00B29EC8 /* Frameworks */,
				54CC699519C4AD8E00B29EC8 /* Resources */,
				BA1347C2469B953E599AB462 /* Copy Pods Resources */,
			);
			buildRules = (
			);
			dependencies = (
			);
			name = Lift;
			productName = Lift;
			productReference = 54CC699719C4AD8E00B29EC8 /* Lift.app */;
			productType = "com.apple.product-type.application";
		};
		54CC69AB19C4AD8E00B29EC8 /* LiftTests */ = {
			isa = PBXNativeTarget;
			buildConfigurationList = 54CC69B919C4AD8E00B29EC8 /* Build configuration list for PBXNativeTarget "LiftTests" */;
			buildPhases = (
				54CC69A819C4AD8E00B29EC8 /* Sources */,
				54CC69A919C4AD8E00B29EC8 /* Frameworks */,
				54CC69AA19C4AD8E00B29EC8 /* Resources */,
			);
			buildRules = (
			);
			dependencies = (
				54CC69AE19C4AD8E00B29EC8 /* PBXTargetDependency */,
			);
			name = LiftTests;
			productName = LiftTests;
			productReference = 54CC69AC19C4AD8E00B29EC8 /* LiftTests.xctest */;
			productType = "com.apple.product-type.bundle.unit-test";
		};
/* End PBXNativeTarget section */

/* Begin PBXProject section */
		54CC698F19C4AD8E00B29EC8 /* Project object */ = {
			isa = PBXProject;
			attributes = {
				LastUpgradeCheck = 0600;
				ORGANIZATIONNAME = "Jan Machacek";
				TargetAttributes = {
					54CC699619C4AD8E00B29EC8 = {
						CreatedOnToolsVersion = 6.1;
						DevelopmentTeam = K5TCBGB2PR;
						SystemCapabilities = {
							com.apple.HealthKit = {
								enabled = 0;
							};
						};
					};
					54CC69AB19C4AD8E00B29EC8 = {
						CreatedOnToolsVersion = 6.1;
						TestTargetID = 54CC699619C4AD8E00B29EC8;
					};
				};
			};
			buildConfigurationList = 54CC699219C4AD8E00B29EC8 /* Build configuration list for PBXProject "Lift" */;
			compatibilityVersion = "Xcode 3.2";
			developmentRegion = English;
			hasScannedForEncodings = 0;
			knownRegions = (
				en,
				Base,
			);
			mainGroup = 54CC698E19C4AD8E00B29EC8;
			productRefGroup = 54CC699819C4AD8E00B29EC8 /* Products */;
			projectDirPath = "";
			projectRoot = "";
			targets = (
				54CC699619C4AD8E00B29EC8 /* Lift */,
				54CC69AB19C4AD8E00B29EC8 /* LiftTests */,
			);
		};
/* End PBXProject section */

/* Begin PBXResourcesBuildPhase section */
		54CC699519C4AD8E00B29EC8 /* Resources */ = {
			isa = PBXResourcesBuildPhase;
			buildActionMask = 2147483647;
			files = (
				54CC69A219C4AD8E00B29EC8 /* Main.storyboard in Resources */,
				54CC69A719C4AD8E00B29EC8 /* LaunchScreen.xib in Resources */,
				54CC69A419C4AD8E00B29EC8 /* Images.xcassets in Resources */,
			);
			runOnlyForDeploymentPostprocessing = 0;
		};
		54CC69AA19C4AD8E00B29EC8 /* Resources */ = {
			isa = PBXResourcesBuildPhase;
			buildActionMask = 2147483647;
			files = (
			);
			runOnlyForDeploymentPostprocessing = 0;
		};
/* End PBXResourcesBuildPhase section */

/* Begin PBXShellScriptBuildPhase section */
		BA1347C2469B953E599AB462 /* Copy Pods Resources */ = {
			isa = PBXShellScriptBuildPhase;
			buildActionMask = 2147483647;
			files = (
			);
			inputPaths = (
			);
			name = "Copy Pods Resources";
			outputPaths = (
			);
			runOnlyForDeploymentPostprocessing = 0;
			shellPath = /bin/sh;
			shellScript = "\"${SRCROOT}/Pods/Target Support Files/Pods/Pods-resources.sh\"\n";
			showEnvVarsInLog = 0;
		};
		CFCD77B5B5545DE592098170 /* Check Pods Manifest.lock */ = {
			isa = PBXShellScriptBuildPhase;
			buildActionMask = 2147483647;
			files = (
			);
			inputPaths = (
			);
			name = "Check Pods Manifest.lock";
			outputPaths = (
			);
			runOnlyForDeploymentPostprocessing = 0;
			shellPath = /bin/sh;
			shellScript = "diff \"${PODS_ROOT}/../Podfile.lock\" \"${PODS_ROOT}/Manifest.lock\" > /dev/null\nif [[ $? != 0 ]] ; then\n    cat << EOM\nerror: The sandbox is not in sync with the Podfile.lock. Run 'pod install' or update your CocoaPods installation.\nEOM\n    exit 1\nfi\n";
			showEnvVarsInLog = 0;
		};
/* End PBXShellScriptBuildPhase section */

/* Begin PBXSourcesBuildPhase section */
		54CC699319C4AD8E00B29EC8 /* Sources */ = {
			isa = PBXSourcesBuildPhase;
			buildActionMask = 2147483647;
			files = (
				54D0A61A19EFC64700429C3B /* Protocol.c in Sources */,
				54CC699F19C4AD8E00B29EC8 /* ViewController.swift in Sources */,
				54CC699D19C4AD8E00B29EC8 /* AppDelegate.swift in Sources */,
				5427CDED19C5F296005C9B4E /* Recorder.swift in Sources */,
			);
			runOnlyForDeploymentPostprocessing = 0;
		};
		54CC69A819C4AD8E00B29EC8 /* Sources */ = {
			isa = PBXSourcesBuildPhase;
			buildActionMask = 2147483647;
			files = (
				54CC69B319C4AD8E00B29EC8 /* LiftTests.swift in Sources */,
			);
			runOnlyForDeploymentPostprocessing = 0;
		};
/* End PBXSourcesBuildPhase section */

/* Begin PBXTargetDependency section */
		54CC69AE19C4AD8E00B29EC8 /* PBXTargetDependency */ = {
			isa = PBXTargetDependency;
			target = 54CC699619C4AD8E00B29EC8 /* Lift */;
			targetProxy = 54CC69AD19C4AD8E00B29EC8 /* PBXContainerItemProxy */;
		};
/* End PBXTargetDependency section */

/* Begin PBXVariantGroup section */
		54CC69A019C4AD8E00B29EC8 /* Main.storyboard */ = {
			isa = PBXVariantGroup;
			children = (
				54CC69A119C4AD8E00B29EC8 /* Base */,
			);
			name = Main.storyboard;
			sourceTree = "<group>";
		};
		54CC69A519C4AD8E00B29EC8 /* LaunchScreen.xib */ = {
			isa = PBXVariantGroup;
			children = (
				54CC69A619C4AD8E00B29EC8 /* Base */,
			);
			name = LaunchScreen.xib;
			sourceTree = "<group>";
		};
/* End PBXVariantGroup section */

/* Begin XCBuildConfiguration section */
		54CC69B419C4AD8E00B29EC8 /* Debug */ = {
			isa = XCBuildConfiguration;
			buildSettings = {
				ALWAYS_SEARCH_USER_PATHS = NO;
				CLANG_CXX_LANGUAGE_STANDARD = "gnu++0x";
				CLANG_CXX_LIBRARY = "libc++";
				CLANG_ENABLE_MODULES = YES;
				CLANG_ENABLE_OBJC_ARC = YES;
				CLANG_WARN_BOOL_CONVERSION = YES;
				CLANG_WARN_CONSTANT_CONVERSION = YES;
				CLANG_WARN_DIRECT_OBJC_ISA_USAGE = YES_ERROR;
				CLANG_WARN_EMPTY_BODY = YES;
				CLANG_WARN_ENUM_CONVERSION = YES;
				CLANG_WARN_INT_CONVERSION = YES;
				CLANG_WARN_OBJC_ROOT_CLASS = YES_ERROR;
				CLANG_WARN_UNREACHABLE_CODE = YES;
				CLANG_WARN__DUPLICATE_METHOD_MATCH = YES;
				"CODE_SIGN_IDENTITY[sdk=iphoneos*]" = "iPhone Developer";
				COPY_PHASE_STRIP = NO;
				ENABLE_STRICT_OBJC_MSGSEND = YES;
				GCC_C_LANGUAGE_STANDARD = gnu99;
				GCC_DYNAMIC_NO_PIC = NO;
				GCC_OPTIMIZATION_LEVEL = 0;
				GCC_PREPROCESSOR_DEFINITIONS = (
					"DEBUG=1",
					"$(inherited)",
				);
				GCC_SYMBOLS_PRIVATE_EXTERN = NO;
				GCC_WARN_64_TO_32_BIT_CONVERSION = YES;
				GCC_WARN_ABOUT_RETURN_TYPE = YES_ERROR;
				GCC_WARN_UNDECLARED_SELECTOR = YES;
				GCC_WARN_UNINITIALIZED_AUTOS = YES_AGGRESSIVE;
				GCC_WARN_UNUSED_FUNCTION = YES;
				GCC_WARN_UNUSED_VARIABLE = YES;
				IPHONEOS_DEPLOYMENT_TARGET = 8.0;
				MTL_ENABLE_DEBUG_INFO = YES;
				ONLY_ACTIVE_ARCH = YES;
				SDKROOT = iphoneos;
				SWIFT_OPTIMIZATION_LEVEL = "-Onone";
			};
			name = Debug;
		};
		54CC69B519C4AD8E00B29EC8 /* Release */ = {
			isa = XCBuildConfiguration;
			buildSettings = {
				ALWAYS_SEARCH_USER_PATHS = NO;
				CLANG_CXX_LANGUAGE_STANDARD = "gnu++0x";
				CLANG_CXX_LIBRARY = "libc++";
				CLANG_ENABLE_MODULES = YES;
				CLANG_ENABLE_OBJC_ARC = YES;
				CLANG_WARN_BOOL_CONVERSION = YES;
				CLANG_WARN_CONSTANT_CONVERSION = YES;
				CLANG_WARN_DIRECT_OBJC_ISA_USAGE = YES_ERROR;
				CLANG_WARN_EMPTY_BODY = YES;
				CLANG_WARN_ENUM_CONVERSION = YES;
				CLANG_WARN_INT_CONVERSION = YES;
				CLANG_WARN_OBJC_ROOT_CLASS = YES_ERROR;
				CLANG_WARN_UNREACHABLE_CODE = YES;
				CLANG_WARN__DUPLICATE_METHOD_MATCH = YES;
				"CODE_SIGN_IDENTITY[sdk=iphoneos*]" = "iPhone Developer";
				COPY_PHASE_STRIP = YES;
				ENABLE_NS_ASSERTIONS = NO;
				ENABLE_STRICT_OBJC_MSGSEND = YES;
				GCC_C_LANGUAGE_STANDARD = gnu99;
				GCC_WARN_64_TO_32_BIT_CONVERSION = YES;
				GCC_WARN_ABOUT_RETURN_TYPE = YES_ERROR;
				GCC_WARN_UNDECLARED_SELECTOR = YES;
				GCC_WARN_UNINITIALIZED_AUTOS = YES_AGGRESSIVE;
				GCC_WARN_UNUSED_FUNCTION = YES;
				GCC_WARN_UNUSED_VARIABLE = YES;
				IPHONEOS_DEPLOYMENT_TARGET = 8.0;
				MTL_ENABLE_DEBUG_INFO = NO;
				SDKROOT = iphoneos;
				VALIDATE_PRODUCT = YES;
			};
			name = Release;
		};
		54CC69B719C4AD8E00B29EC8 /* Debug */ = {
			isa = XCBuildConfiguration;
			baseConfigurationReference = 0293CE44C9B33D93ACF27719 /* Pods.debug.xcconfig */;
			buildSettings = {
				ASSETCATALOG_COMPILER_APPICON_NAME = AppIcon;
				CLANG_ENABLE_MODULES = YES;
				CODE_SIGN_IDENTITY = "iPhone Developer";
				"CODE_SIGN_IDENTITY[sdk=iphoneos*]" = "iPhone Developer";
				INFOPLIST_FILE = Lift/Info.plist;
				IPHONEOS_DEPLOYMENT_TARGET = 7.1;
				LD_RUNPATH_SEARCH_PATHS = "$(inherited) @executable_path/Frameworks";
				LIBRARY_SEARCH_PATHS = (
					"$(inherited)",
					"$(PROJECT_DIR)/Pods/build/Debug-iphoneos",
				);
				PRODUCT_NAME = "$(TARGET_NAME)";
				PROVISIONING_PROFILE = "";
				SWIFT_OBJC_BRIDGING_HEADER = "Lift/Lift-Bridging-Header.h";
				SWIFT_OPTIMIZATION_LEVEL = "-Onone";
			};
			name = Debug;
		};
		54CC69B819C4AD8E00B29EC8 /* Release */ = {
			isa = XCBuildConfiguration;
			baseConfigurationReference = 5D984E2C657088D05D0AE494 /* Pods.release.xcconfig */;
			buildSettings = {
				ASSETCATALOG_COMPILER_APPICON_NAME = AppIcon;
				CLANG_ENABLE_MODULES = YES;
				CODE_SIGN_IDENTITY = "iPhone Developer";
				"CODE_SIGN_IDENTITY[sdk=iphoneos*]" = "iPhone Developer";
				INFOPLIST_FILE = Lift/Info.plist;
				IPHONEOS_DEPLOYMENT_TARGET = 7.1;
				LD_RUNPATH_SEARCH_PATHS = "$(inherited) @executable_path/Frameworks";
				LIBRARY_SEARCH_PATHS = (
					"$(inherited)",
					"$(PROJECT_DIR)/Pods/build/Debug-iphoneos",
				);
				PRODUCT_NAME = "$(TARGET_NAME)";
				PROVISIONING_PROFILE = "";
				SWIFT_OBJC_BRIDGING_HEADER = "Lift/Lift-Bridging-Header.h";
			};
			name = Release;
		};
		54CC69BA19C4AD8E00B29EC8 /* Debug */ = {
			isa = XCBuildConfiguration;
			buildSettings = {
				BUNDLE_LOADER = "$(TEST_HOST)";
				FRAMEWORK_SEARCH_PATHS = (
					"$(SDKROOT)/Developer/Library/Frameworks",
					"$(inherited)",
				);
				GCC_PREPROCESSOR_DEFINITIONS = (
					"DEBUG=1",
					"$(inherited)",
				);
				INFOPLIST_FILE = LiftTests/Info.plist;
				LD_RUNPATH_SEARCH_PATHS = "$(inherited) @executable_path/Frameworks @loader_path/Frameworks";
				PRODUCT_NAME = "$(TARGET_NAME)";
				TEST_HOST = "$(BUILT_PRODUCTS_DIR)/Lift.app/Lift";
			};
			name = Debug;
		};
		54CC69BB19C4AD8E00B29EC8 /* Release */ = {
			isa = XCBuildConfiguration;
			buildSettings = {
				BUNDLE_LOADER = "$(TEST_HOST)";
				FRAMEWORK_SEARCH_PATHS = (
					"$(SDKROOT)/Developer/Library/Frameworks",
					"$(inherited)",
				);
				INFOPLIST_FILE = LiftTests/Info.plist;
				LD_RUNPATH_SEARCH_PATHS = "$(inherited) @executable_path/Frameworks @loader_path/Frameworks";
				PRODUCT_NAME = "$(TARGET_NAME)";
				TEST_HOST = "$(BUILT_PRODUCTS_DIR)/Lift.app/Lift";
			};
			name = Release;
		};
/* End XCBuildConfiguration section */

/* Begin XCConfigurationList section */
		54CC699219C4AD8E00B29EC8 /* Build configuration list for PBXProject "Lift" */ = {
			isa = XCConfigurationList;
			buildConfigurations = (
				54CC69B419C4AD8E00B29EC8 /* Debug */,
				54CC69B519C4AD8E00B29EC8 /* Release */,
			);
			defaultConfigurationIsVisible = 0;
			defaultConfigurationName = Release;
		};
		54CC69B619C4AD8E00B29EC8 /* Build configuration list for PBXNativeTarget "Lift" */ = {
			isa = XCConfigurationList;
			buildConfigurations = (
				54CC69B719C4AD8E00B29EC8 /* Debug */,
				54CC69B819C4AD8E00B29EC8 /* Release */,
			);
			defaultConfigurationIsVisible = 0;
			defaultConfigurationName = Release;
		};
		54CC69B919C4AD8E00B29EC8 /* Build configuration list for PBXNativeTarget "LiftTests" */ = {
			isa = XCConfigurationList;
			buildConfigurations = (
				54CC69BA19C4AD8E00B29EC8 /* Debug */,
				54CC69BB19C4AD8E00B29EC8 /* Release */,
			);
			defaultConfigurationIsVisible = 0;
			defaultConfigurationName = Release;
		};
/* End XCConfigurationList section */
	};
	rootObject = 54CC698F19C4AD8E00B29EC8 /* Project object */;
}
